// !$*UTF8*$!
{
	archiveVersion = 1;
	classes = {
	};
	objectVersion = 48;
	objects = {

/* Begin PBXBuildFile section */
		351CDD5EB28421ABEF8A3F4B /* Pods_OutPlayer.framework in Frameworks */ = {isa = PBXBuildFile; fileRef = AB6E45F8DA0C12402F9FE262 /* Pods_OutPlayer.framework */; };
		762116D61FE3719C00B6751D /* NativeVideoPlayerController.m in Sources */ = {isa = PBXBuildFile; fileRef = 762116D51FE3719C00B6751D /* NativeVideoPlayerController.m */; };
		766040861FD8F6C60079BAEA /* NativeVideoFile.m in Sources */ = {isa = PBXBuildFile; fileRef = 766040851FD8F6C60079BAEA /* NativeVideoFile.m */; };
		766040891FD90BB00079BAEA /* NSNumber+DRM_extension.m in Sources */ = {isa = PBXBuildFile; fileRef = 766040881FD90BB00079BAEA /* NSNumber+DRM_extension.m */; };
		7660408F1FD90E4D0079BAEA /* NativeVideosServe.m in Sources */ = {isa = PBXBuildFile; fileRef = 7660408E1FD90E4D0079BAEA /* NativeVideosServe.m */; };
		766040991FD9123A0079BAEA /* NSArray+Safe.m in Sources */ = {isa = PBXBuildFile; fileRef = 766040921FD912390079BAEA /* NSArray+Safe.m */; };
		7660409A1FD9123A0079BAEA /* NSMutableArray+safe.m in Sources */ = {isa = PBXBuildFile; fileRef = 766040941FD912390079BAEA /* NSMutableArray+safe.m */; };
		7660409B1FD9123A0079BAEA /* NSMutableDictionary+safe.m in Sources */ = {isa = PBXBuildFile; fileRef = 766040961FD912390079BAEA /* NSMutableDictionary+safe.m */; };
		7660409C1FD9123A0079BAEA /* NSObject+SwizzleMethod.m in Sources */ = {isa = PBXBuildFile; fileRef = 766040981FD912390079BAEA /* NSObject+SwizzleMethod.m */; };
		7660409F1FD915110079BAEA /* UIImage+DRMExtension.m in Sources */ = {isa = PBXBuildFile; fileRef = 7660409E1FD915110079BAEA /* UIImage+DRMExtension.m */; };
		766040A21FD92AF40079BAEA /* NativeVideoListCell.m in Sources */ = {isa = PBXBuildFile; fileRef = 766040A11FD92AF40079BAEA /* NativeVideoListCell.m */; };
		76921AB71FE3AE490072572C /* ASValuePopUpView.m in Sources */ = {isa = PBXBuildFile; fileRef = 76921A981FE3AE480072572C /* ASValuePopUpView.m */; };
		76921AB81FE3AE490072572C /* ASValueTrackingSlider.m in Sources */ = {isa = PBXBuildFile; fileRef = 76921A9A1FE3AE480072572C /* ASValueTrackingSlider.m */; };
		76921AB91FE3AE490072572C /* UIAlertController+ZFPlayerRotation.m in Sources */ = {isa = PBXBuildFile; fileRef = 76921A9D1FE3AE480072572C /* UIAlertController+ZFPlayerRotation.m */; };
		76921ABA1FE3AE490072572C /* UIImageView+ZFCache.m in Sources */ = {isa = PBXBuildFile; fileRef = 76921A9F1FE3AE480072572C /* UIImageView+ZFCache.m */; };
		76921ABB1FE3AE490072572C /* UINavigationController+ZFPlayerRotation.m in Sources */ = {isa = PBXBuildFile; fileRef = 76921AA11FE3AE480072572C /* UINavigationController+ZFPlayerRotation.m */; };
		76921ABC1FE3AE490072572C /* UITabBarController+ZFPlayerRotation.m in Sources */ = {isa = PBXBuildFile; fileRef = 76921AA31FE3AE480072572C /* UITabBarController+ZFPlayerRotation.m */; };
		76921ABD1FE3AE490072572C /* UIView+CustomControlView.m in Sources */ = {isa = PBXBuildFile; fileRef = 76921AA51FE3AE480072572C /* UIView+CustomControlView.m */; };
		76921ABE1FE3AE490072572C /* UIViewController+ZFPlayerRotation.m in Sources */ = {isa = PBXBuildFile; fileRef = 76921AA71FE3AE480072572C /* UIViewController+ZFPlayerRotation.m */; };
		76921ABF1FE3AE490072572C /* UIWindow+CurrentViewController.m in Sources */ = {isa = PBXBuildFile; fileRef = 76921AA91FE3AE480072572C /* UIWindow+CurrentViewController.m */; };
		76921AC01FE3AE490072572C /* MMMaterialDesignSpinner.m in Sources */ = {isa = PBXBuildFile; fileRef = 76921AAB1FE3AE480072572C /* MMMaterialDesignSpinner.m */; };
		76921AC11FE3AE490072572C /* ZFBrightnessView.m in Sources */ = {isa = PBXBuildFile; fileRef = 76921AAD1FE3AE480072572C /* ZFBrightnessView.m */; };
		76921AC21FE3AE490072572C /* ZFPlayer.bundle in Resources */ = {isa = PBXBuildFile; fileRef = 76921AAE1FE3AE480072572C /* ZFPlayer.bundle */; };
		76921AC31FE3AE490072572C /* ZFPlayerControlView.m in Sources */ = {isa = PBXBuildFile; fileRef = 76921AB11FE3AE480072572C /* ZFPlayerControlView.m */; };
		76921AC41FE3AE490072572C /* ZFPlayerModel.m in Sources */ = {isa = PBXBuildFile; fileRef = 76921AB41FE3AE480072572C /* ZFPlayerModel.m */; };
		76921AC51FE3AE490072572C /* ZFPlayerView.m in Sources */ = {isa = PBXBuildFile; fileRef = 76921AB61FE3AE480072572C /* ZFPlayerView.m */; };
		76A720F41FD7902400FF9F99 /* AppDelegate.mm in Sources */ = {isa = PBXBuildFile; fileRef = 76A720F31FD7902400FF9F99 /* AppDelegate.mm */; };
		76A720FC1FD7902400FF9F99 /* Assets.xcassets in Resources */ = {isa = PBXBuildFile; fileRef = 76A720FB1FD7902400FF9F99 /* Assets.xcassets */; };
		76A720FF1FD7902400FF9F99 /* LaunchScreen.storyboard in Resources */ = {isa = PBXBuildFile; fileRef = 76A720FD1FD7902400FF9F99 /* LaunchScreen.storyboard */; };
		76A721021FD7902400FF9F99 /* main.m in Sources */ = {isa = PBXBuildFile; fileRef = 76A721011FD7902400FF9F99 /* main.m */; };
		76A7210F1FD7DD9600FF9F99 /* UIBarButtonItem+RD_extension.m in Sources */ = {isa = PBXBuildFile; fileRef = 76A7210D1FD7DD9600FF9F99 /* UIBarButtonItem+RD_extension.m */; };
		76A721121FD7DDBC00FF9F99 /* BaseNavigationController.m in Sources */ = {isa = PBXBuildFile; fileRef = 76A721111FD7DDBC00FF9F99 /* BaseNavigationController.m */; };
		76A7211D1FD7EDCC00FF9F99 /* HttpRequestManager.m in Sources */ = {isa = PBXBuildFile; fileRef = 76A7211C1FD7EDCC00FF9F99 /* HttpRequestManager.m */; };
		76A721231FD7F03F00FF9F99 /* InfoPlist.strings in Resources */ = {isa = PBXBuildFile; fileRef = 76A721251FD7F03F00FF9F99 /* InfoPlist.strings */; };
		76A721291FD7F12000FF9F99 /* Localizable.strings in Resources */ = {isa = PBXBuildFile; fileRef = 76A7212B1FD7F12000FF9F99 /* Localizable.strings */; };
		76A721341FD807CD00FF9F99 /* MainViewController.m in Sources */ = {isa = PBXBuildFile; fileRef = 76A721331FD807CD00FF9F99 /* MainViewController.m */; };
		76A721381FD809C600FF9F99 /* NSString+WDUtils.m in Sources */ = {isa = PBXBuildFile; fileRef = 76A721371FD809C600FF9F99 /* NSString+WDUtils.m */; };
		76A7213B1FD80BE700FF9F99 /* UIColor+Hex.m in Sources */ = {isa = PBXBuildFile; fileRef = 76A7213A1FD80BE700FF9F99 /* UIColor+Hex.m */; };
		76A721471FD80D3A00FF9F99 /* BaseViewController.m in Sources */ = {isa = PBXBuildFile; fileRef = 76A721461FD80D3A00FF9F99 /* BaseViewController.m */; };
		76A7214A1FD80D6100FF9F99 /* LeadVideosController.m in Sources */ = {isa = PBXBuildFile; fileRef = 76A721491FD80D6100FF9F99 /* LeadVideosController.m */; };
		76A7214D1FD80D7800FF9F99 /* SettingController.m in Sources */ = {isa = PBXBuildFile; fileRef = 76A7214C1FD80D7800FF9F99 /* SettingController.m */; };
		76A721501FD80DDF00FF9F99 /* NativeVideosHomeController.m in Sources */ = {isa = PBXBuildFile; fileRef = 76A7214F1FD80DDF00FF9F99 /* NativeVideosHomeController.m */; };
		76A721521FD80F6000FF9F99 /* NativeVideos.storyboard in Resources */ = {isa = PBXBuildFile; fileRef = 76A721511FD80F6000FF9F99 /* NativeVideos.storyboard */; };
		76A721541FD80F7600FF9F99 /* LeadVideos.storyboard in Resources */ = {isa = PBXBuildFile; fileRef = 76A721531FD80F7600FF9F99 /* LeadVideos.storyboard */; };
		76A721561FD80F8200FF9F99 /* Setting.storyboard in Resources */ = {isa = PBXBuildFile; fileRef = 76A721551FD80F8200FF9F99 /* Setting.storyboard */; };
		76A7215A1FD813E600FF9F99 /* RDSandboxTool.m in Sources */ = {isa = PBXBuildFile; fileRef = 76A721581FD813E600FF9F99 /* RDSandboxTool.m */; };
		76AC16791FE101BD005D4C48 /* SupportedMediaType.plist in Resources */ = {isa = PBXBuildFile; fileRef = 76AC16781FE101BD005D4C48 /* SupportedMediaType.plist */; };
		76AC167C1FE11E14005D4C48 /* MediaThumbTool.m in Sources */ = {isa = PBXBuildFile; fileRef = 76AC167B1FE11E14005D4C48 /* MediaThumbTool.m */; };
/* End PBXBuildFile section */

/* Begin PBXFileReference section */
		762116D41FE3719C00B6751D /* NativeVideoPlayerController.h */ = {isa = PBXFileReference; lastKnownFileType = sourcecode.c.h; path = NativeVideoPlayerController.h; sourceTree = "<group>"; };
		762116D51FE3719C00B6751D /* NativeVideoPlayerController.m */ = {isa = PBXFileReference; lastKnownFileType = sourcecode.c.objc; path = NativeVideoPlayerController.m; sourceTree = "<group>"; };
		766040841FD8F6C60079BAEA /* NativeVideoFile.h */ = {isa = PBXFileReference; lastKnownFileType = sourcecode.c.h; path = NativeVideoFile.h; sourceTree = "<group>"; };
		766040851FD8F6C60079BAEA /* NativeVideoFile.m */ = {isa = PBXFileReference; lastKnownFileType = sourcecode.c.objc; path = NativeVideoFile.m; sourceTree = "<group>"; };
		766040871FD90BB00079BAEA /* NSNumber+DRM_extension.h */ = {isa = PBXFileReference; fileEncoding = 4; lastKnownFileType = sourcecode.c.h; path = "NSNumber+DRM_extension.h"; sourceTree = "<group>"; };
		766040881FD90BB00079BAEA /* NSNumber+DRM_extension.m */ = {isa = PBXFileReference; fileEncoding = 4; lastKnownFileType = sourcecode.c.objc; path = "NSNumber+DRM_extension.m"; sourceTree = "<group>"; };
		7660408D1FD90E4D0079BAEA /* NativeVideosServe.h */ = {isa = PBXFileReference; lastKnownFileType = sourcecode.c.h; path = NativeVideosServe.h; sourceTree = "<group>"; };
		7660408E1FD90E4D0079BAEA /* NativeVideosServe.m */ = {isa = PBXFileReference; lastKnownFileType = sourcecode.c.objc; path = NativeVideosServe.m; sourceTree = "<group>"; };
		766040911FD912390079BAEA /* NSArray+Safe.h */ = {isa = PBXFileReference; fileEncoding = 4; lastKnownFileType = sourcecode.c.h; path = "NSArray+Safe.h"; sourceTree = "<group>"; };
		766040921FD912390079BAEA /* NSArray+Safe.m */ = {isa = PBXFileReference; fileEncoding = 4; lastKnownFileType = sourcecode.c.objc; path = "NSArray+Safe.m"; sourceTree = "<group>"; };
		766040931FD912390079BAEA /* NSMutableArray+safe.h */ = {isa = PBXFileReference; fileEncoding = 4; lastKnownFileType = sourcecode.c.h; path = "NSMutableArray+safe.h"; sourceTree = "<group>"; };
		766040941FD912390079BAEA /* NSMutableArray+safe.m */ = {isa = PBXFileReference; fileEncoding = 4; lastKnownFileType = sourcecode.c.objc; path = "NSMutableArray+safe.m"; sourceTree = "<group>"; };
		766040951FD912390079BAEA /* NSMutableDictionary+safe.h */ = {isa = PBXFileReference; fileEncoding = 4; lastKnownFileType = sourcecode.c.h; path = "NSMutableDictionary+safe.h"; sourceTree = "<group>"; };
		766040961FD912390079BAEA /* NSMutableDictionary+safe.m */ = {isa = PBXFileReference; fileEncoding = 4; lastKnownFileType = sourcecode.c.objc; path = "NSMutableDictionary+safe.m"; sourceTree = "<group>"; };
		766040971FD912390079BAEA /* NSObject+SwizzleMethod.h */ = {isa = PBXFileReference; fileEncoding = 4; lastKnownFileType = sourcecode.c.h; path = "NSObject+SwizzleMethod.h"; sourceTree = "<group>"; };
		766040981FD912390079BAEA /* NSObject+SwizzleMethod.m */ = {isa = PBXFileReference; fileEncoding = 4; lastKnownFileType = sourcecode.c.objc; path = "NSObject+SwizzleMethod.m"; sourceTree = "<group>"; };
		7660409D1FD915110079BAEA /* UIImage+DRMExtension.h */ = {isa = PBXFileReference; fileEncoding = 4; lastKnownFileType = sourcecode.c.h; path = "UIImage+DRMExtension.h"; sourceTree = "<group>"; };
		7660409E1FD915110079BAEA /* UIImage+DRMExtension.m */ = {isa = PBXFileReference; fileEncoding = 4; lastKnownFileType = sourcecode.c.objc; path = "UIImage+DRMExtension.m"; sourceTree = "<group>"; };
		766040A01FD92AF40079BAEA /* NativeVideoListCell.h */ = {isa = PBXFileReference; lastKnownFileType = sourcecode.c.h; path = NativeVideoListCell.h; sourceTree = "<group>"; };
		766040A11FD92AF40079BAEA /* NativeVideoListCell.m */ = {isa = PBXFileReference; lastKnownFileType = sourcecode.c.objc; path = NativeVideoListCell.m; sourceTree = "<group>"; };
		766040A31FD92F9E0079BAEA /* DRMReactView.h */ = {isa = PBXFileReference; fileEncoding = 4; lastKnownFileType = sourcecode.c.h; path = DRMReactView.h; sourceTree = "<group>"; };
		76921A971FE3AE480072572C /* ASValuePopUpView.h */ = {isa = PBXFileReference; fileEncoding = 4; lastKnownFileType = sourcecode.c.h; path = ASValuePopUpView.h; sourceTree = "<group>"; };
		76921A981FE3AE480072572C /* ASValuePopUpView.m */ = {isa = PBXFileReference; fileEncoding = 4; lastKnownFileType = sourcecode.c.objc; path = ASValuePopUpView.m; sourceTree = "<group>"; };
		76921A991FE3AE480072572C /* ASValueTrackingSlider.h */ = {isa = PBXFileReference; fileEncoding = 4; lastKnownFileType = sourcecode.c.h; path = ASValueTrackingSlider.h; sourceTree = "<group>"; };
		76921A9A1FE3AE480072572C /* ASValueTrackingSlider.m */ = {isa = PBXFileReference; fileEncoding = 4; lastKnownFileType = sourcecode.c.objc; path = ASValueTrackingSlider.m; sourceTree = "<group>"; };
		76921A9C1FE3AE480072572C /* UIAlertController+ZFPlayerRotation.h */ = {isa = PBXFileReference; fileEncoding = 4; lastKnownFileType = sourcecode.c.h; path = "UIAlertController+ZFPlayerRotation.h"; sourceTree = "<group>"; };
		76921A9D1FE3AE480072572C /* UIAlertController+ZFPlayerRotation.m */ = {isa = PBXFileReference; fileEncoding = 4; lastKnownFileType = sourcecode.c.objc; path = "UIAlertController+ZFPlayerRotation.m"; sourceTree = "<group>"; };
		76921A9E1FE3AE480072572C /* UIImageView+ZFCache.h */ = {isa = PBXFileReference; fileEncoding = 4; lastKnownFileType = sourcecode.c.h; path = "UIImageView+ZFCache.h"; sourceTree = "<group>"; };
		76921A9F1FE3AE480072572C /* UIImageView+ZFCache.m */ = {isa = PBXFileReference; fileEncoding = 4; lastKnownFileType = sourcecode.c.objc; path = "UIImageView+ZFCache.m"; sourceTree = "<group>"; };
		76921AA01FE3AE480072572C /* UINavigationController+ZFPlayerRotation.h */ = {isa = PBXFileReference; fileEncoding = 4; lastKnownFileType = sourcecode.c.h; path = "UINavigationController+ZFPlayerRotation.h"; sourceTree = "<group>"; };
		76921AA11FE3AE480072572C /* UINavigationController+ZFPlayerRotation.m */ = {isa = PBXFileReference; fileEncoding = 4; lastKnownFileType = sourcecode.c.objc; path = "UINavigationController+ZFPlayerRotation.m"; sourceTree = "<group>"; };
		76921AA21FE3AE480072572C /* UITabBarController+ZFPlayerRotation.h */ = {isa = PBXFileReference; fileEncoding = 4; lastKnownFileType = sourcecode.c.h; path = "UITabBarController+ZFPlayerRotation.h"; sourceTree = "<group>"; };
		76921AA31FE3AE480072572C /* UITabBarController+ZFPlayerRotation.m */ = {isa = PBXFileReference; fileEncoding = 4; lastKnownFileType = sourcecode.c.objc; path = "UITabBarController+ZFPlayerRotation.m"; sourceTree = "<group>"; };
		76921AA41FE3AE480072572C /* UIView+CustomControlView.h */ = {isa = PBXFileReference; fileEncoding = 4; lastKnownFileType = sourcecode.c.h; path = "UIView+CustomControlView.h"; sourceTree = "<group>"; };
		76921AA51FE3AE480072572C /* UIView+CustomControlView.m */ = {isa = PBXFileReference; fileEncoding = 4; lastKnownFileType = sourcecode.c.objc; path = "UIView+CustomControlView.m"; sourceTree = "<group>"; };
		76921AA61FE3AE480072572C /* UIViewController+ZFPlayerRotation.h */ = {isa = PBXFileReference; fileEncoding = 4; lastKnownFileType = sourcecode.c.h; path = "UIViewController+ZFPlayerRotation.h"; sourceTree = "<group>"; };
		76921AA71FE3AE480072572C /* UIViewController+ZFPlayerRotation.m */ = {isa = PBXFileReference; fileEncoding = 4; lastKnownFileType = sourcecode.c.objc; path = "UIViewController+ZFPlayerRotation.m"; sourceTree = "<group>"; };
		76921AA81FE3AE480072572C /* UIWindow+CurrentViewController.h */ = {isa = PBXFileReference; fileEncoding = 4; lastKnownFileType = sourcecode.c.h; path = "UIWindow+CurrentViewController.h"; sourceTree = "<group>"; };
		76921AA91FE3AE480072572C /* UIWindow+CurrentViewController.m */ = {isa = PBXFileReference; fileEncoding = 4; lastKnownFileType = sourcecode.c.objc; path = "UIWindow+CurrentViewController.m"; sourceTree = "<group>"; };
		76921AAA1FE3AE480072572C /* MMMaterialDesignSpinner.h */ = {isa = PBXFileReference; fileEncoding = 4; lastKnownFileType = sourcecode.c.h; path = MMMaterialDesignSpinner.h; sourceTree = "<group>"; };
		76921AAB1FE3AE480072572C /* MMMaterialDesignSpinner.m */ = {isa = PBXFileReference; fileEncoding = 4; lastKnownFileType = sourcecode.c.objc; path = MMMaterialDesignSpinner.m; sourceTree = "<group>"; };
		76921AAC1FE3AE480072572C /* ZFBrightnessView.h */ = {isa = PBXFileReference; fileEncoding = 4; lastKnownFileType = sourcecode.c.h; path = ZFBrightnessView.h; sourceTree = "<group>"; };
		76921AAD1FE3AE480072572C /* ZFBrightnessView.m */ = {isa = PBXFileReference; fileEncoding = 4; lastKnownFileType = sourcecode.c.objc; path = ZFBrightnessView.m; sourceTree = "<group>"; };
		76921AAE1FE3AE480072572C /* ZFPlayer.bundle */ = {isa = PBXFileReference; lastKnownFileType = "wrapper.plug-in"; path = ZFPlayer.bundle; sourceTree = "<group>"; };
		76921AAF1FE3AE480072572C /* ZFPlayer.h */ = {isa = PBXFileReference; fileEncoding = 4; lastKnownFileType = sourcecode.c.h; path = ZFPlayer.h; sourceTree = "<group>"; };
		76921AB01FE3AE480072572C /* ZFPlayerControlView.h */ = {isa = PBXFileReference; fileEncoding = 4; lastKnownFileType = sourcecode.c.h; path = ZFPlayerControlView.h; sourceTree = "<group>"; };
		76921AB11FE3AE480072572C /* ZFPlayerControlView.m */ = {isa = PBXFileReference; fileEncoding = 4; lastKnownFileType = sourcecode.c.objc; path = ZFPlayerControlView.m; sourceTree = "<group>"; };
		76921AB21FE3AE480072572C /* ZFPlayerControlViewDelegate.h */ = {isa = PBXFileReference; fileEncoding = 4; lastKnownFileType = sourcecode.c.h; path = ZFPlayerControlViewDelegate.h; sourceTree = "<group>"; };
		76921AB31FE3AE480072572C /* ZFPlayerModel.h */ = {isa = PBXFileReference; fileEncoding = 4; lastKnownFileType = sourcecode.c.h; path = ZFPlayerModel.h; sourceTree = "<group>"; };
		76921AB41FE3AE480072572C /* ZFPlayerModel.m */ = {isa = PBXFileReference; fileEncoding = 4; lastKnownFileType = sourcecode.c.objc; path = ZFPlayerModel.m; sourceTree = "<group>"; };
		76921AB51FE3AE480072572C /* ZFPlayerView.h */ = {isa = PBXFileReference; fileEncoding = 4; lastKnownFileType = sourcecode.c.h; path = ZFPlayerView.h; sourceTree = "<group>"; };
		76921AB61FE3AE480072572C /* ZFPlayerView.m */ = {isa = PBXFileReference; fileEncoding = 4; lastKnownFileType = sourcecode.c.objc; path = ZFPlayerView.m; sourceTree = "<group>"; };
		76A720EF1FD7902400FF9F99 /* OutPlayer.app */ = {isa = PBXFileReference; explicitFileType = wrapper.application; includeInIndex = 0; path = OutPlayer.app; sourceTree = BUILT_PRODUCTS_DIR; };
		76A720F21FD7902400FF9F99 /* AppDelegate.h */ = {isa = PBXFileReference; lastKnownFileType = sourcecode.c.h; path = AppDelegate.h; sourceTree = "<group>"; };
		76A720F31FD7902400FF9F99 /* AppDelegate.mm */ = {isa = PBXFileReference; lastKnownFileType = sourcecode.cpp.objcpp; path = AppDelegate.mm; sourceTree = "<group>"; };
		76A720FB1FD7902400FF9F99 /* Assets.xcassets */ = {isa = PBXFileReference; lastKnownFileType = folder.assetcatalog; path = Assets.xcassets; sourceTree = "<group>"; };
		76A720FE1FD7902400FF9F99 /* Base */ = {isa = PBXFileReference; lastKnownFileType = file.storyboard; name = Base; path = Base.lproj/LaunchScreen.storyboard; sourceTree = "<group>"; };
		76A721001FD7902400FF9F99 /* Info.plist */ = {isa = PBXFileReference; lastKnownFileType = text.plist.xml; path = Info.plist; sourceTree = "<group>"; };
		76A721011FD7902400FF9F99 /* main.m */ = {isa = PBXFileReference; lastKnownFileType = sourcecode.c.objc; path = main.m; sourceTree = "<group>"; };
		76A7210D1FD7DD9600FF9F99 /* UIBarButtonItem+RD_extension.m */ = {isa = PBXFileReference; fileEncoding = 4; lastKnownFileType = sourcecode.c.objc; path = "UIBarButtonItem+RD_extension.m"; sourceTree = "<group>"; };
		76A7210E1FD7DD9600FF9F99 /* UIBarButtonItem+RD_extension.h */ = {isa = PBXFileReference; fileEncoding = 4; lastKnownFileType = sourcecode.c.h; path = "UIBarButtonItem+RD_extension.h"; sourceTree = "<group>"; };
		76A721101FD7DDBC00FF9F99 /* BaseNavigationController.h */ = {isa = PBXFileReference; fileEncoding = 4; lastKnownFileType = sourcecode.c.h; path = BaseNavigationController.h; sourceTree = "<group>"; };
		76A721111FD7DDBC00FF9F99 /* BaseNavigationController.m */ = {isa = PBXFileReference; fileEncoding = 4; lastKnownFileType = sourcecode.c.objc; path = BaseNavigationController.m; sourceTree = "<group>"; };
		76A721171FD7E07D00FF9F99 /* MediaPlayer.framework */ = {isa = PBXFileReference; lastKnownFileType = wrapper.framework; name = MediaPlayer.framework; path = System/Library/Frameworks/MediaPlayer.framework; sourceTree = SDKROOT; };
		76A721191FD7E2D400FF9F99 /* PrefixHeader.pch */ = {isa = PBXFileReference; lastKnownFileType = sourcecode.c.h; path = PrefixHeader.pch; sourceTree = "<group>"; };
		76A7211B1FD7EDCC00FF9F99 /* HttpRequestManager.h */ = {isa = PBXFileReference; lastKnownFileType = sourcecode.c.h; path = HttpRequestManager.h; sourceTree = "<group>"; };
		76A7211C1FD7EDCC00FF9F99 /* HttpRequestManager.m */ = {isa = PBXFileReference; lastKnownFileType = sourcecode.c.objc; path = HttpRequestManager.m; sourceTree = "<group>"; };
		76A721241FD7F03F00FF9F99 /* en */ = {isa = PBXFileReference; lastKnownFileType = text.plist.strings; name = en; path = en.lproj/InfoPlist.strings; sourceTree = "<group>"; };
		76A721261FD7F06100FF9F99 /* zh-Hans */ = {isa = PBXFileReference; lastKnownFileType = text.plist.strings; name = "zh-Hans"; path = "zh-Hans.lproj/InfoPlist.strings"; sourceTree = "<group>"; };
		76A7212A1FD7F12000FF9F99 /* en */ = {isa = PBXFileReference; lastKnownFileType = text.plist.strings; name = en; path = en.lproj/Localizable.strings; sourceTree = "<group>"; };
		76A7212C1FD7F12200FF9F99 /* zh-Hans */ = {isa = PBXFileReference; lastKnownFileType = text.plist.strings; name = "zh-Hans"; path = "zh-Hans.lproj/Localizable.strings"; sourceTree = "<group>"; };
		76A721321FD807CD00FF9F99 /* MainViewController.h */ = {isa = PBXFileReference; lastKnownFileType = sourcecode.c.h; path = MainViewController.h; sourceTree = "<group>"; };
		76A721331FD807CD00FF9F99 /* MainViewController.m */ = {isa = PBXFileReference; lastKnownFileType = sourcecode.c.objc; path = MainViewController.m; sourceTree = "<group>"; };
		76A721351FD8089D00FF9F99 /* BaseHeader.h */ = {isa = PBXFileReference; fileEncoding = 4; lastKnownFileType = sourcecode.c.h; path = BaseHeader.h; sourceTree = "<group>"; };
		76A721361FD809C600FF9F99 /* NSString+WDUtils.h */ = {isa = PBXFileReference; fileEncoding = 4; lastKnownFileType = sourcecode.c.h; path = "NSString+WDUtils.h"; sourceTree = "<group>"; };
		76A721371FD809C600FF9F99 /* NSString+WDUtils.m */ = {isa = PBXFileReference; fileEncoding = 4; lastKnownFileType = sourcecode.c.objc; path = "NSString+WDUtils.m"; sourceTree = "<group>"; };
		76A721391FD80BE600FF9F99 /* UIColor+Hex.h */ = {isa = PBXFileReference; fileEncoding = 4; lastKnownFileType = sourcecode.c.h; path = "UIColor+Hex.h"; sourceTree = "<group>"; };
		76A7213A1FD80BE700FF9F99 /* UIColor+Hex.m */ = {isa = PBXFileReference; fileEncoding = 4; lastKnownFileType = sourcecode.c.objc; path = "UIColor+Hex.m"; sourceTree = "<group>"; };
		76A721451FD80D3A00FF9F99 /* BaseViewController.h */ = {isa = PBXFileReference; lastKnownFileType = sourcecode.c.h; path = BaseViewController.h; sourceTree = "<group>"; };
		76A721461FD80D3A00FF9F99 /* BaseViewController.m */ = {isa = PBXFileReference; lastKnownFileType = sourcecode.c.objc; path = BaseViewController.m; sourceTree = "<group>"; };
		76A721481FD80D6100FF9F99 /* LeadVideosController.h */ = {isa = PBXFileReference; lastKnownFileType = sourcecode.c.h; path = LeadVideosController.h; sourceTree = "<group>"; };
		76A721491FD80D6100FF9F99 /* LeadVideosController.m */ = {isa = PBXFileReference; lastKnownFileType = sourcecode.c.objc; path = LeadVideosController.m; sourceTree = "<group>"; };
		76A7214B1FD80D7800FF9F99 /* SettingController.h */ = {isa = PBXFileReference; lastKnownFileType = sourcecode.c.h; path = SettingController.h; sourceTree = "<group>"; };
		76A7214C1FD80D7800FF9F99 /* SettingController.m */ = {isa = PBXFileReference; lastKnownFileType = sourcecode.c.objc; path = SettingController.m; sourceTree = "<group>"; };
		76A7214E1FD80DDF00FF9F99 /* NativeVideosHomeController.h */ = {isa = PBXFileReference; lastKnownFileType = sourcecode.c.h; path = NativeVideosHomeController.h; sourceTree = "<group>"; };
		76A7214F1FD80DDF00FF9F99 /* NativeVideosHomeController.m */ = {isa = PBXFileReference; lastKnownFileType = sourcecode.c.objc; path = NativeVideosHomeController.m; sourceTree = "<group>"; };
		76A721511FD80F6000FF9F99 /* NativeVideos.storyboard */ = {isa = PBXFileReference; lastKnownFileType = file.storyboard; path = NativeVideos.storyboard; sourceTree = "<group>"; };
		76A721531FD80F7600FF9F99 /* LeadVideos.storyboard */ = {isa = PBXFileReference; lastKnownFileType = file.storyboard; path = LeadVideos.storyboard; sourceTree = "<group>"; };
		76A721551FD80F8200FF9F99 /* Setting.storyboard */ = {isa = PBXFileReference; lastKnownFileType = file.storyboard; path = Setting.storyboard; sourceTree = "<group>"; };
		76A721581FD813E600FF9F99 /* RDSandboxTool.m */ = {isa = PBXFileReference; fileEncoding = 4; lastKnownFileType = sourcecode.c.objc; path = RDSandboxTool.m; sourceTree = "<group>"; };
		76A721591FD813E600FF9F99 /* RDSandboxTool.h */ = {isa = PBXFileReference; fileEncoding = 4; lastKnownFileType = sourcecode.c.h; path = RDSandboxTool.h; sourceTree = "<group>"; };
		76AC16781FE101BD005D4C48 /* SupportedMediaType.plist */ = {isa = PBXFileReference; lastKnownFileType = text.plist.xml; path = SupportedMediaType.plist; sourceTree = "<group>"; };
		76AC167A1FE11E14005D4C48 /* MediaThumbTool.h */ = {isa = PBXFileReference; lastKnownFileType = sourcecode.c.h; path = MediaThumbTool.h; sourceTree = "<group>"; };
		76AC167B1FE11E14005D4C48 /* MediaThumbTool.m */ = {isa = PBXFileReference; lastKnownFileType = sourcecode.c.objc; path = MediaThumbTool.m; sourceTree = "<group>"; };
		AB6E45F8DA0C12402F9FE262 /* Pods_OutPlayer.framework */ = {isa = PBXFileReference; explicitFileType = wrapper.framework; includeInIndex = 0; path = Pods_OutPlayer.framework; sourceTree = BUILT_PRODUCTS_DIR; };
		C592566F9EA3501C5B07B3BA /* Pods-OutPlayer.debug.xcconfig */ = {isa = PBXFileReference; includeInIndex = 1; lastKnownFileType = text.xcconfig; name = "Pods-OutPlayer.debug.xcconfig"; path = "Pods/Target Support Files/Pods-OutPlayer/Pods-OutPlayer.debug.xcconfig"; sourceTree = "<group>"; };
		F5209D7424E22BFE0752E798 /* Pods-OutPlayer.release.xcconfig */ = {isa = PBXFileReference; includeInIndex = 1; lastKnownFileType = text.xcconfig; name = "Pods-OutPlayer.release.xcconfig"; path = "Pods/Target Support Files/Pods-OutPlayer/Pods-OutPlayer.release.xcconfig"; sourceTree = "<group>"; };
/* End PBXFileReference section */

/* Begin PBXFrameworksBuildPhase section */
		76A720EC1FD7902400FF9F99 /* Frameworks */ = {
			isa = PBXFrameworksBuildPhase;
			buildActionMask = 2147483647;
			files = (
				351CDD5EB28421ABEF8A3F4B /* Pods_OutPlayer.framework in Frameworks */,
			);
			runOnlyForDeploymentPostprocessing = 0;
		};
/* End PBXFrameworksBuildPhase section */

/* Begin PBXGroup section */
		766040901FD912390079BAEA /* DataSafeCheck */ = {
			isa = PBXGroup;
			children = (
				766040911FD912390079BAEA /* NSArray+Safe.h */,
				766040921FD912390079BAEA /* NSArray+Safe.m */,
				766040931FD912390079BAEA /* NSMutableArray+safe.h */,
				766040941FD912390079BAEA /* NSMutableArray+safe.m */,
				766040951FD912390079BAEA /* NSMutableDictionary+safe.h */,
				766040961FD912390079BAEA /* NSMutableDictionary+safe.m */,
				766040971FD912390079BAEA /* NSObject+SwizzleMethod.h */,
				766040981FD912390079BAEA /* NSObject+SwizzleMethod.m */,
			);
			path = DataSafeCheck;
			sourceTree = "<group>";
		};
		76921A961FE3AE480072572C /* ZFPlayer */ = {
			isa = PBXGroup;
			children = (
				76921AAE1FE3AE480072572C /* ZFPlayer.bundle */,
				76921A9B1FE3AE480072572C /* Category */,
				76921A971FE3AE480072572C /* ASValuePopUpView.h */,
				76921A981FE3AE480072572C /* ASValuePopUpView.m */,
				76921A991FE3AE480072572C /* ASValueTrackingSlider.h */,
				76921A9A1FE3AE480072572C /* ASValueTrackingSlider.m */,
				76921AAA1FE3AE480072572C /* MMMaterialDesignSpinner.h */,
				76921AAB1FE3AE480072572C /* MMMaterialDesignSpinner.m */,
				76921AAC1FE3AE480072572C /* ZFBrightnessView.h */,
				76921AAD1FE3AE480072572C /* ZFBrightnessView.m */,
				76921AAF1FE3AE480072572C /* ZFPlayer.h */,
				76921AB01FE3AE480072572C /* ZFPlayerControlView.h */,
				76921AB11FE3AE480072572C /* ZFPlayerControlView.m */,
				76921AB21FE3AE480072572C /* ZFPlayerControlViewDelegate.h */,
				76921AB31FE3AE480072572C /* ZFPlayerModel.h */,
				76921AB41FE3AE480072572C /* ZFPlayerModel.m */,
				76921AB51FE3AE480072572C /* ZFPlayerView.h */,
				76921AB61FE3AE480072572C /* ZFPlayerView.m */,
			);
			path = ZFPlayer;
			sourceTree = "<group>";
		};
		76921A9B1FE3AE480072572C /* Category */ = {
			isa = PBXGroup;
			children = (
				76921A9C1FE3AE480072572C /* UIAlertController+ZFPlayerRotation.h */,
				76921A9D1FE3AE480072572C /* UIAlertController+ZFPlayerRotation.m */,
				76921A9E1FE3AE480072572C /* UIImageView+ZFCache.h */,
				76921A9F1FE3AE480072572C /* UIImageView+ZFCache.m */,
				76921AA01FE3AE480072572C /* UINavigationController+ZFPlayerRotation.h */,
				76921AA11FE3AE480072572C /* UINavigationController+ZFPlayerRotation.m */,
				76921AA21FE3AE480072572C /* UITabBarController+ZFPlayerRotation.h */,
				76921AA31FE3AE480072572C /* UITabBarController+ZFPlayerRotation.m */,
				76921AA41FE3AE480072572C /* UIView+CustomControlView.h */,
				76921AA51FE3AE480072572C /* UIView+CustomControlView.m */,
				76921AA61FE3AE480072572C /* UIViewController+ZFPlayerRotation.h */,
				76921AA71FE3AE480072572C /* UIViewController+ZFPlayerRotation.m */,
				76921AA81FE3AE480072572C /* UIWindow+CurrentViewController.h */,
				76921AA91FE3AE480072572C /* UIWindow+CurrentViewController.m */,
			);
			path = Category;
			sourceTree = "<group>";
		};
		76A720E61FD7902400FF9F99 = {
			isa = PBXGroup;
			children = (
				76A720F11FD7902400FF9F99 /* OutPlayer */,
				76A720F01FD7902400FF9F99 /* Products */,
				76A721161FD7DEFB00FF9F99 /* Frameworks */,
				E76BED1389E4DBB66893F6B2 /* Pods */,
			);
			sourceTree = "<group>";
		};
		76A720F01FD7902400FF9F99 /* Products */ = {
			isa = PBXGroup;
			children = (
				76A720EF1FD7902400FF9F99 /* OutPlayer.app */,
			);
			name = Products;
			sourceTree = "<group>";
		};
		76A720F11FD7902400FF9F99 /* OutPlayer */ = {
			isa = PBXGroup;
			children = (
				76A721091FD7DC8E00FF9F99 /* Config */,
				76A721081FD7DC1800FF9F99 /* Launch */,
				76A7210B1FD7DD5400FF9F99 /* BassClass */,
				76A7210C1FD7DD6F00FF9F99 /* Categorys */,
				76A721571FD813CA00FF9F99 /* SystemUtils */,
				76A721151FD7DEC700FF9F99 /* Libs */,
				76A721131FD7DE3400FF9F99 /* Network */,
				76A721181FD7E09100FF9F99 /* Storyboards */,
				76A721141FD7DE6100FF9F99 /* Controllers */,
				76A7211A1FD7E6A600FF9F99 /* Supporting Files */,
			);
			path = OutPlayer;
			sourceTree = "<group>";
		};
		76A721081FD7DC1800FF9F99 /* Launch */ = {
			isa = PBXGroup;
			children = (
				76A720FD1FD7902400FF9F99 /* LaunchScreen.storyboard */,
				76A721011FD7902400FF9F99 /* main.m */,
				76A720F21FD7902400FF9F99 /* AppDelegate.h */,
				76A720F31FD7902400FF9F99 /* AppDelegate.mm */,
			);
			path = Launch;
			sourceTree = "<group>";
		};
		76A721091FD7DC8E00FF9F99 /* Config */ = {
			isa = PBXGroup;
			children = (
				76A721001FD7902400FF9F99 /* Info.plist */,
				76AC16781FE101BD005D4C48 /* SupportedMediaType.plist */,
				76A721251FD7F03F00FF9F99 /* InfoPlist.strings */,
				76A7212B1FD7F12000FF9F99 /* Localizable.strings */,
				76A721351FD8089D00FF9F99 /* BaseHeader.h */,
				76A721191FD7E2D400FF9F99 /* PrefixHeader.pch */,
			);
			path = Config;
			sourceTree = "<group>";
		};
		76A7210B1FD7DD5400FF9F99 /* BassClass */ = {
			isa = PBXGroup;
			children = (
				766040A31FD92F9E0079BAEA /* DRMReactView.h */,
				76A721451FD80D3A00FF9F99 /* BaseViewController.h */,
				76A721461FD80D3A00FF9F99 /* BaseViewController.m */,
				76A721101FD7DDBC00FF9F99 /* BaseNavigationController.h */,
				76A721111FD7DDBC00FF9F99 /* BaseNavigationController.m */,
			);
			path = BassClass;
			sourceTree = "<group>";
		};
		76A7210C1FD7DD6F00FF9F99 /* Categorys */ = {
			isa = PBXGroup;
			children = (
				76A721361FD809C600FF9F99 /* NSString+WDUtils.h */,
				76A721371FD809C600FF9F99 /* NSString+WDUtils.m */,
				766040871FD90BB00079BAEA /* NSNumber+DRM_extension.h */,
				766040881FD90BB00079BAEA /* NSNumber+DRM_extension.m */,
				76A7210E1FD7DD9600FF9F99 /* UIBarButtonItem+RD_extension.h */,
				76A7210D1FD7DD9600FF9F99 /* UIBarButtonItem+RD_extension.m */,
				76A721391FD80BE600FF9F99 /* UIColor+Hex.h */,
				76A7213A1FD80BE700FF9F99 /* UIColor+Hex.m */,
				7660409D1FD915110079BAEA /* UIImage+DRMExtension.h */,
				7660409E1FD915110079BAEA /* UIImage+DRMExtension.m */,
			);
			path = Categorys;
			sourceTree = "<group>";
		};
		76A721131FD7DE3400FF9F99 /* Network */ = {
			isa = PBXGroup;
			children = (
				76A7211B1FD7EDCC00FF9F99 /* HttpRequestManager.h */,
				76A7211C1FD7EDCC00FF9F99 /* HttpRequestManager.m */,
			);
			path = Network;
			sourceTree = "<group>";
		};
		76A721141FD7DE6100FF9F99 /* Controllers */ = {
			isa = PBXGroup;
			children = (
				76A7212D1FD8068900FF9F99 /* Main */,
				76A7212E1FD806D300FF9F99 /* NativeVideos */,
				76A721311FD8076600FF9F99 /* LeadVideos */,
				76A721301FD8071300FF9F99 /* Setting */,
			);
			path = Controllers;
			sourceTree = "<group>";
		};
		76A721151FD7DEC700FF9F99 /* Libs */ = {
			isa = PBXGroup;
			children = (
				76921A961FE3AE480072572C /* ZFPlayer */,
			);
			path = Libs;
			sourceTree = "<group>";
		};
		76A721161FD7DEFB00FF9F99 /* Frameworks */ = {
			isa = PBXGroup;
			children = (
				76A721171FD7E07D00FF9F99 /* MediaPlayer.framework */,
				AB6E45F8DA0C12402F9FE262 /* Pods_OutPlayer.framework */,
			);
			path = Frameworks;
			sourceTree = "<group>";
		};
		76A721181FD7E09100FF9F99 /* Storyboards */ = {
			isa = PBXGroup;
			children = (
				76A721511FD80F6000FF9F99 /* NativeVideos.storyboard */,
				76A721531FD80F7600FF9F99 /* LeadVideos.storyboard */,
				76A721551FD80F8200FF9F99 /* Setting.storyboard */,
			);
			path = Storyboards;
			sourceTree = "<group>";
		};
		76A7211A1FD7E6A600FF9F99 /* Supporting Files */ = {
			isa = PBXGroup;
			children = (
				76A720FB1FD7902400FF9F99 /* Assets.xcassets */,
			);
			path = "Supporting Files";
			sourceTree = "<group>";
		};
		76A7212D1FD8068900FF9F99 /* Main */ = {
			isa = PBXGroup;
			children = (
				76A721321FD807CD00FF9F99 /* MainViewController.h */,
				76A721331FD807CD00FF9F99 /* MainViewController.m */,
			);
			path = Main;
			sourceTree = "<group>";
		};
		76A7212E1FD806D300FF9F99 /* NativeVideos */ = {
			isa = PBXGroup;
			children = (
				76A7213E1FD80CE500FF9F99 /* Controller */,
				76A7213D1FD80CDD00FF9F99 /* View */,
				76A7213C1FD80CD500FF9F99 /* Model */,
			);
			path = NativeVideos;
			sourceTree = "<group>";
		};
		76A721301FD8071300FF9F99 /* Setting */ = {
			isa = PBXGroup;
			children = (
				76A721441FD80D1000FF9F99 /* Controller */,
				76A721431FD80D0B00FF9F99 /* View */,
				76A721421FD80D0600FF9F99 /* Model */,
			);
			path = Setting;
			sourceTree = "<group>";
		};
		76A721311FD8076600FF9F99 /* LeadVideos */ = {
			isa = PBXGroup;
			children = (
				76A721411FD80CFE00FF9F99 /* Controller */,
				76A721401FD80CF900FF9F99 /* View */,
				76A7213F1FD80CF300FF9F99 /* Model */,
			);
			path = LeadVideos;
			sourceTree = "<group>";
		};
		76A7213C1FD80CD500FF9F99 /* Model */ = {
			isa = PBXGroup;
			children = (
				766040841FD8F6C60079BAEA /* NativeVideoFile.h */,
				766040851FD8F6C60079BAEA /* NativeVideoFile.m */,
			);
			path = Model;
			sourceTree = "<group>";
		};
		76A7213D1FD80CDD00FF9F99 /* View */ = {
			isa = PBXGroup;
			children = (
				766040A01FD92AF40079BAEA /* NativeVideoListCell.h */,
				766040A11FD92AF40079BAEA /* NativeVideoListCell.m */,
			);
			path = View;
			sourceTree = "<group>";
		};
		76A7213E1FD80CE500FF9F99 /* Controller */ = {
			isa = PBXGroup;
			children = (
				76A7214E1FD80DDF00FF9F99 /* NativeVideosHomeController.h */,
				76A7214F1FD80DDF00FF9F99 /* NativeVideosHomeController.m */,
				762116D41FE3719C00B6751D /* NativeVideoPlayerController.h */,
				762116D51FE3719C00B6751D /* NativeVideoPlayerController.m */,
			);
			path = Controller;
			sourceTree = "<group>";
		};
		76A7213F1FD80CF300FF9F99 /* Model */ = {
			isa = PBXGroup;
			children = (
			);
			path = Model;
			sourceTree = "<group>";
		};
		76A721401FD80CF900FF9F99 /* View */ = {
			isa = PBXGroup;
			children = (
			);
			path = View;
			sourceTree = "<group>";
		};
		76A721411FD80CFE00FF9F99 /* Controller */ = {
			isa = PBXGroup;
			children = (
				76A721481FD80D6100FF9F99 /* LeadVideosController.h */,
				76A721491FD80D6100FF9F99 /* LeadVideosController.m */,
			);
			path = Controller;
			sourceTree = "<group>";
		};
		76A721421FD80D0600FF9F99 /* Model */ = {
			isa = PBXGroup;
			children = (
			);
			path = Model;
			sourceTree = "<group>";
		};
		76A721431FD80D0B00FF9F99 /* View */ = {
			isa = PBXGroup;
			children = (
			);
			path = View;
			sourceTree = "<group>";
		};
		76A721441FD80D1000FF9F99 /* Controller */ = {
			isa = PBXGroup;
			children = (
				76A7214B1FD80D7800FF9F99 /* SettingController.h */,
				76A7214C1FD80D7800FF9F99 /* SettingController.m */,
			);
			path = Controller;
			sourceTree = "<group>";
		};
		76A721571FD813CA00FF9F99 /* SystemUtils */ = {
			isa = PBXGroup;
			children = (
				766040901FD912390079BAEA /* DataSafeCheck */,
				76A721591FD813E600FF9F99 /* RDSandboxTool.h */,
				76A721581FD813E600FF9F99 /* RDSandboxTool.m */,
				7660408D1FD90E4D0079BAEA /* NativeVideosServe.h */,
				7660408E1FD90E4D0079BAEA /* NativeVideosServe.m */,
				76AC167A1FE11E14005D4C48 /* MediaThumbTool.h */,
				76AC167B1FE11E14005D4C48 /* MediaThumbTool.m */,
			);
			path = SystemUtils;
			sourceTree = "<group>";
		};
		E76BED1389E4DBB66893F6B2 /* Pods */ = {
			isa = PBXGroup;
			children = (
				C592566F9EA3501C5B07B3BA /* Pods-OutPlayer.debug.xcconfig */,
				F5209D7424E22BFE0752E798 /* Pods-OutPlayer.release.xcconfig */,
			);
			name = Pods;
			sourceTree = "<group>";
		};
/* End PBXGroup section */

/* Begin PBXNativeTarget section */
		76A720EE1FD7902400FF9F99 /* OutPlayer */ = {
			isa = PBXNativeTarget;
			buildConfigurationList = 76A721051FD7902400FF9F99 /* Build configuration list for PBXNativeTarget "OutPlayer" */;
			buildPhases = (
				6E9324A29F32472F12566C48 /* [CP] Check Pods Manifest.lock */,
				76A720EB1FD7902400FF9F99 /* Sources */,
				76A720EC1FD7902400FF9F99 /* Frameworks */,
				76A720ED1FD7902400FF9F99 /* Resources */,
				23A4B55B5DF8D0E5109D3F84 /* [CP] Embed Pods Frameworks */,
				96864C6BD7CB62E0FB9B056E /* [CP] Copy Pods Resources */,
			);
			buildRules = (
			);
			dependencies = (
			);
			name = OutPlayer;
			productName = OutPlayer;
			productReference = 76A720EF1FD7902400FF9F99 /* OutPlayer.app */;
			productType = "com.apple.product-type.application";
		};
/* End PBXNativeTarget section */

/* Begin PBXProject section */
		76A720E71FD7902400FF9F99 /* Project object */ = {
			isa = PBXProject;
			attributes = {
				LastUpgradeCheck = 0910;
				ORGANIZATIONNAME = xl;
				TargetAttributes = {
					76A720EE1FD7902400FF9F99 = {
						CreatedOnToolsVersion = 9.1;
						ProvisioningStyle = Automatic;
					};
				};
			};
			buildConfigurationList = 76A720EA1FD7902400FF9F99 /* Build configuration list for PBXProject "OutPlayer" */;
			compatibilityVersion = "Xcode 8.0";
			developmentRegion = en;
			hasScannedForEncodings = 0;
			knownRegions = (
				en,
				Base,
				"zh-Hans",
			);
			mainGroup = 76A720E61FD7902400FF9F99;
			productRefGroup = 76A720F01FD7902400FF9F99 /* Products */;
			projectDirPath = "";
			projectRoot = "";
			targets = (
				76A720EE1FD7902400FF9F99 /* OutPlayer */,
			);
		};
/* End PBXProject section */

/* Begin PBXResourcesBuildPhase section */
		76A720ED1FD7902400FF9F99 /* Resources */ = {
			isa = PBXResourcesBuildPhase;
			buildActionMask = 2147483647;
			files = (
				76A721291FD7F12000FF9F99 /* Localizable.strings in Resources */,
				76A721521FD80F6000FF9F99 /* NativeVideos.storyboard in Resources */,
				76AC16791FE101BD005D4C48 /* SupportedMediaType.plist in Resources */,
				76A721541FD80F7600FF9F99 /* LeadVideos.storyboard in Resources */,
				76921AC21FE3AE490072572C /* ZFPlayer.bundle in Resources */,
				76A720FF1FD7902400FF9F99 /* LaunchScreen.storyboard in Resources */,
				76A721231FD7F03F00FF9F99 /* InfoPlist.strings in Resources */,
				76A720FC1FD7902400FF9F99 /* Assets.xcassets in Resources */,
				76A721561FD80F8200FF9F99 /* Setting.storyboard in Resources */,
			);
			runOnlyForDeploymentPostprocessing = 0;
		};
/* End PBXResourcesBuildPhase section */

/* Begin PBXShellScriptBuildPhase section */
		23A4B55B5DF8D0E5109D3F84 /* [CP] Embed Pods Frameworks */ = {
			isa = PBXShellScriptBuildPhase;
			buildActionMask = 2147483647;
			files = (
			);
			inputPaths = (
				"${SRCROOT}/Pods/Target Support Files/Pods-OutPlayer/Pods-OutPlayer-frameworks.sh",
				"${BUILT_PRODUCTS_DIR}/AFNetworking/AFNetworking.framework",
				"${BUILT_PRODUCTS_DIR}/MJRefresh/MJRefresh.framework",
				"${BUILT_PRODUCTS_DIR}/Masonry/Masonry.framework",
				"${BUILT_PRODUCTS_DIR}/SDWebImage/SDWebImage.framework",
				"${BUILT_PRODUCTS_DIR}/SVProgressHUD/SVProgressHUD.framework",
				"${BUILT_PRODUCTS_DIR}/YYModel/YYModel.framework",
			);
			name = "[CP] Embed Pods Frameworks";
			outputPaths = (
				"${TARGET_BUILD_DIR}/${FRAMEWORKS_FOLDER_PATH}/AFNetworking.framework",
				"${TARGET_BUILD_DIR}/${FRAMEWORKS_FOLDER_PATH}/MJRefresh.framework",
				"${TARGET_BUILD_DIR}/${FRAMEWORKS_FOLDER_PATH}/Masonry.framework",
				"${TARGET_BUILD_DIR}/${FRAMEWORKS_FOLDER_PATH}/SDWebImage.framework",
				"${TARGET_BUILD_DIR}/${FRAMEWORKS_FOLDER_PATH}/SVProgressHUD.framework",
				"${TARGET_BUILD_DIR}/${FRAMEWORKS_FOLDER_PATH}/YYModel.framework",
			);
			runOnlyForDeploymentPostprocessing = 0;
			shellPath = /bin/sh;
			shellScript = "\"${SRCROOT}/Pods/Target Support Files/Pods-OutPlayer/Pods-OutPlayer-frameworks.sh\"\n";
			showEnvVarsInLog = 0;
		};
		6E9324A29F32472F12566C48 /* [CP] Check Pods Manifest.lock */ = {
			isa = PBXShellScriptBuildPhase;
			buildActionMask = 2147483647;
			files = (
			);
			inputPaths = (
				"${PODS_PODFILE_DIR_PATH}/Podfile.lock",
				"${PODS_ROOT}/Manifest.lock",
			);
			name = "[CP] Check Pods Manifest.lock";
			outputPaths = (
				"$(DERIVED_FILE_DIR)/Pods-OutPlayer-checkManifestLockResult.txt",
			);
			runOnlyForDeploymentPostprocessing = 0;
			shellPath = /bin/sh;
			shellScript = "diff \"${PODS_PODFILE_DIR_PATH}/Podfile.lock\" \"${PODS_ROOT}/Manifest.lock\" > /dev/null\nif [ $? != 0 ] ; then\n    # print error to STDERR\n    echo \"error: The sandbox is not in sync with the Podfile.lock. Run 'pod install' or update your CocoaPods installation.\" >&2\n    exit 1\nfi\n# This output is used by Xcode 'outputs' to avoid re-running this script phase.\necho \"SUCCESS\" > \"${SCRIPT_OUTPUT_FILE_0}\"\n";
			showEnvVarsInLog = 0;
		};
		96864C6BD7CB62E0FB9B056E /* [CP] Copy Pods Resources */ = {
			isa = PBXShellScriptBuildPhase;
			buildActionMask = 2147483647;
			files = (
			);
			inputPaths = (
				"${SRCROOT}/Pods/Target Support Files/Pods-OutPlayer/Pods-OutPlayer-resources.sh",
				"${PODS_ROOT}/MJRefresh/MJRefresh/MJRefresh.bundle",
				"${PODS_ROOT}/SVProgressHUD/SVProgressHUD/SVProgressHUD.bundle",
			);
			name = "[CP] Copy Pods Resources";
			outputPaths = (
				"${TARGET_BUILD_DIR}/${UNLOCALIZED_RESOURCES_FOLDER_PATH}",
			);
			runOnlyForDeploymentPostprocessing = 0;
			shellPath = /bin/sh;
			shellScript = "\"${SRCROOT}/Pods/Target Support Files/Pods-OutPlayer/Pods-OutPlayer-resources.sh\"\n";
			showEnvVarsInLog = 0;
		};
/* End PBXShellScriptBuildPhase section */

/* Begin PBXSourcesBuildPhase section */
		76A720EB1FD7902400FF9F99 /* Sources */ = {
			isa = PBXSourcesBuildPhase;
			buildActionMask = 2147483647;
			files = (
				76A7213B1FD80BE700FF9F99 /* UIColor+Hex.m in Sources */,
				766040991FD9123A0079BAEA /* NSArray+Safe.m in Sources */,
				7660409C1FD9123A0079BAEA /* NSObject+SwizzleMethod.m in Sources */,
				76A721471FD80D3A00FF9F99 /* BaseViewController.m in Sources */,
				766040A21FD92AF40079BAEA /* NativeVideoListCell.m in Sources */,
				76A721381FD809C600FF9F99 /* NSString+WDUtils.m in Sources */,
				76921AB91FE3AE490072572C /* UIAlertController+ZFPlayerRotation.m in Sources */,
				76A7210F1FD7DD9600FF9F99 /* UIBarButtonItem+RD_extension.m in Sources */,
				76921AC01FE3AE490072572C /* MMMaterialDesignSpinner.m in Sources */,
				76921ABC1FE3AE490072572C /* UITabBarController+ZFPlayerRotation.m in Sources */,
				76921ABA1FE3AE490072572C /* UIImageView+ZFCache.m in Sources */,
				76A7214A1FD80D6100FF9F99 /* LeadVideosController.m in Sources */,
				76921ABB1FE3AE490072572C /* UINavigationController+ZFPlayerRotation.m in Sources */,
				76921AC41FE3AE490072572C /* ZFPlayerModel.m in Sources */,
				76A7214D1FD80D7800FF9F99 /* SettingController.m in Sources */,
				76921AC31FE3AE490072572C /* ZFPlayerControlView.m in Sources */,
				766040891FD90BB00079BAEA /* NSNumber+DRM_extension.m in Sources */,
				7660408F1FD90E4D0079BAEA /* NativeVideosServe.m in Sources */,
				762116D61FE3719C00B6751D /* NativeVideoPlayerController.m in Sources */,
				76921ABE1FE3AE490072572C /* UIViewController+ZFPlayerRotation.m in Sources */,
				76921AC51FE3AE490072572C /* ZFPlayerView.m in Sources */,
				766040861FD8F6C60079BAEA /* NativeVideoFile.m in Sources */,
				76A7215A1FD813E600FF9F99 /* RDSandboxTool.m in Sources */,
				76921AB81FE3AE490072572C /* ASValueTrackingSlider.m in Sources */,
				76921AC11FE3AE490072572C /* ZFBrightnessView.m in Sources */,
				7660409F1FD915110079BAEA /* UIImage+DRMExtension.m in Sources */,
				7660409A1FD9123A0079BAEA /* NSMutableArray+safe.m in Sources */,
				7660409B1FD9123A0079BAEA /* NSMutableDictionary+safe.m in Sources */,
				76AC167C1FE11E14005D4C48 /* MediaThumbTool.m in Sources */,
				76A721501FD80DDF00FF9F99 /* NativeVideosHomeController.m in Sources */,
				76921ABD1FE3AE490072572C /* UIView+CustomControlView.m in Sources */,
				76921AB71FE3AE490072572C /* ASValuePopUpView.m in Sources */,
				76A721341FD807CD00FF9F99 /* MainViewController.m in Sources */,
				76A721021FD7902400FF9F99 /* main.m in Sources */,
				76A720F41FD7902400FF9F99 /* AppDelegate.mm in Sources */,
				76921ABF1FE3AE490072572C /* UIWindow+CurrentViewController.m in Sources */,
				76A721121FD7DDBC00FF9F99 /* BaseNavigationController.m in Sources */,
				76A7211D1FD7EDCC00FF9F99 /* HttpRequestManager.m in Sources */,
			);
			runOnlyForDeploymentPostprocessing = 0;
		};
/* End PBXSourcesBuildPhase section */

/* Begin PBXVariantGroup section */
		76A720FD1FD7902400FF9F99 /* LaunchScreen.storyboard */ = {
			isa = PBXVariantGroup;
			children = (
				76A720FE1FD7902400FF9F99 /* Base */,
			);
			name = LaunchScreen.storyboard;
			sourceTree = "<group>";
		};
		76A721251FD7F03F00FF9F99 /* InfoPlist.strings */ = {
			isa = PBXVariantGroup;
			children = (
				76A721241FD7F03F00FF9F99 /* en */,
				76A721261FD7F06100FF9F99 /* zh-Hans */,
			);
			name = InfoPlist.strings;
			sourceTree = "<group>";
		};
		76A7212B1FD7F12000FF9F99 /* Localizable.strings */ = {
			isa = PBXVariantGroup;
			children = (
				76A7212A1FD7F12000FF9F99 /* en */,
				76A7212C1FD7F12200FF9F99 /* zh-Hans */,
			);
			name = Localizable.strings;
			sourceTree = "<group>";
		};
/* End PBXVariantGroup section */

/* Begin XCBuildConfiguration section */
		76A721031FD7902400FF9F99 /* Debug */ = {
			isa = XCBuildConfiguration;
			buildSettings = {
				ALWAYS_SEARCH_USER_PATHS = NO;
				CLANG_ANALYZER_LOCALIZABILITY_NONLOCALIZED = YES;
				CLANG_ANALYZER_NONNULL = YES;
				CLANG_ANALYZER_NUMBER_OBJECT_CONVERSION = YES_AGGRESSIVE;
				CLANG_CXX_LANGUAGE_STANDARD = "gnu++14";
				CLANG_CXX_LIBRARY = "libc++";
				CLANG_ENABLE_MODULES = YES;
				CLANG_ENABLE_OBJC_ARC = YES;
				CLANG_WARN_BLOCK_CAPTURE_AUTORELEASING = YES;
				CLANG_WARN_BOOL_CONVERSION = YES;
				CLANG_WARN_COMMA = YES;
				CLANG_WARN_CONSTANT_CONVERSION = YES;
				CLANG_WARN_DIRECT_OBJC_ISA_USAGE = YES_ERROR;
				CLANG_WARN_DOCUMENTATION_COMMENTS = YES;
				CLANG_WARN_EMPTY_BODY = YES;
				CLANG_WARN_ENUM_CONVERSION = YES;
				CLANG_WARN_INFINITE_RECURSION = YES;
				CLANG_WARN_INT_CONVERSION = YES;
				CLANG_WARN_NON_LITERAL_NULL_CONVERSION = YES;
				CLANG_WARN_OBJC_LITERAL_CONVERSION = YES;
				CLANG_WARN_OBJC_ROOT_CLASS = YES_ERROR;
				CLANG_WARN_RANGE_LOOP_ANALYSIS = YES;
				CLANG_WARN_STRICT_PROTOTYPES = YES;
				CLANG_WARN_SUSPICIOUS_MOVE = YES;
				CLANG_WARN_UNGUARDED_AVAILABILITY = YES_AGGRESSIVE;
				CLANG_WARN_UNREACHABLE_CODE = YES;
				CLANG_WARN__DUPLICATE_METHOD_MATCH = YES;
				CODE_SIGN_IDENTITY = "iPhone Developer";
				COPY_PHASE_STRIP = NO;
				DEBUG_INFORMATION_FORMAT = dwarf;
				ENABLE_STRICT_OBJC_MSGSEND = YES;
				ENABLE_TESTABILITY = YES;
				GCC_C_LANGUAGE_STANDARD = gnu11;
				GCC_DYNAMIC_NO_PIC = NO;
				GCC_NO_COMMON_BLOCKS = YES;
				GCC_OPTIMIZATION_LEVEL = 0;
				GCC_PREPROCESSOR_DEFINITIONS = (
					"DEBUG=1",
					"$(inherited)",
				);
				GCC_WARN_64_TO_32_BIT_CONVERSION = YES;
				GCC_WARN_ABOUT_RETURN_TYPE = YES_ERROR;
				GCC_WARN_UNDECLARED_SELECTOR = YES;
				GCC_WARN_UNINITIALIZED_AUTOS = YES_AGGRESSIVE;
				GCC_WARN_UNUSED_FUNCTION = YES;
				GCC_WARN_UNUSED_VARIABLE = YES;
				IPHONEOS_DEPLOYMENT_TARGET = 8.0;
				MTL_ENABLE_DEBUG_INFO = YES;
				ONLY_ACTIVE_ARCH = YES;
				SDKROOT = iphoneos;
			};
			name = Debug;
		};
		76A721041FD7902400FF9F99 /* Release */ = {
			isa = XCBuildConfiguration;
			buildSettings = {
				ALWAYS_SEARCH_USER_PATHS = NO;
				CLANG_ANALYZER_LOCALIZABILITY_NONLOCALIZED = YES;
				CLANG_ANALYZER_NONNULL = YES;
				CLANG_ANALYZER_NUMBER_OBJECT_CONVERSION = YES_AGGRESSIVE;
				CLANG_CXX_LANGUAGE_STANDARD = "gnu++14";
				CLANG_CXX_LIBRARY = "libc++";
				CLANG_ENABLE_MODULES = YES;
				CLANG_ENABLE_OBJC_ARC = YES;
				CLANG_WARN_BLOCK_CAPTURE_AUTORELEASING = YES;
				CLANG_WARN_BOOL_CONVERSION = YES;
				CLANG_WARN_COMMA = YES;
				CLANG_WARN_CONSTANT_CONVERSION = YES;
				CLANG_WARN_DIRECT_OBJC_ISA_USAGE = YES_ERROR;
				CLANG_WARN_DOCUMENTATION_COMMENTS = YES;
				CLANG_WARN_EMPTY_BODY = YES;
				CLANG_WARN_ENUM_CONVERSION = YES;
				CLANG_WARN_INFINITE_RECURSION = YES;
				CLANG_WARN_INT_CONVERSION = YES;
				CLANG_WARN_NON_LITERAL_NULL_CONVERSION = YES;
				CLANG_WARN_OBJC_LITERAL_CONVERSION = YES;
				CLANG_WARN_OBJC_ROOT_CLASS = YES_ERROR;
				CLANG_WARN_RANGE_LOOP_ANALYSIS = YES;
				CLANG_WARN_STRICT_PROTOTYPES = YES;
				CLANG_WARN_SUSPICIOUS_MOVE = YES;
				CLANG_WARN_UNGUARDED_AVAILABILITY = YES_AGGRESSIVE;
				CLANG_WARN_UNREACHABLE_CODE = YES;
				CLANG_WARN__DUPLICATE_METHOD_MATCH = YES;
				CODE_SIGN_IDENTITY = "iPhone Developer";
				COPY_PHASE_STRIP = NO;
				DEBUG_INFORMATION_FORMAT = "dwarf-with-dsym";
				ENABLE_NS_ASSERTIONS = NO;
				ENABLE_STRICT_OBJC_MSGSEND = YES;
				GCC_C_LANGUAGE_STANDARD = gnu11;
				GCC_NO_COMMON_BLOCKS = YES;
				GCC_WARN_64_TO_32_BIT_CONVERSION = YES;
				GCC_WARN_ABOUT_RETURN_TYPE = YES_ERROR;
				GCC_WARN_UNDECLARED_SELECTOR = YES;
				GCC_WARN_UNINITIALIZED_AUTOS = YES_AGGRESSIVE;
				GCC_WARN_UNUSED_FUNCTION = YES;
				GCC_WARN_UNUSED_VARIABLE = YES;
				IPHONEOS_DEPLOYMENT_TARGET = 8.0;
				MTL_ENABLE_DEBUG_INFO = NO;
				SDKROOT = iphoneos;
				VALIDATE_PRODUCT = YES;
			};
			name = Release;
		};
		76A721061FD7902400FF9F99 /* Debug */ = {
			isa = XCBuildConfiguration;
			baseConfigurationReference = C592566F9EA3501C5B07B3BA /* Pods-OutPlayer.debug.xcconfig */;
			buildSettings = {
				ASSETCATALOG_COMPILER_APPICON_NAME = AppIcon;
				CODE_SIGN_STYLE = Automatic;
				DEVELOPMENT_TEAM = BE96T6BL3K;
				ENABLE_BITCODE = NO;
				GCC_PRECOMPILE_PREFIX_HEADER = YES;
				GCC_PREFIX_HEADER = "$(SRCROOT)/OutPlayer/Config/PrefixHeader.pch";
				INFOPLIST_FILE = "$(SRCROOT)/OutPlayer/Config/Info.plist";
				LD_RUNPATH_SEARCH_PATHS = "$(inherited) @executable_path/Frameworks";
				PRODUCT_BUNDLE_IDENTIFIER = com.Outsourcing.OutPlayer;
				PRODUCT_NAME = "$(TARGET_NAME)";
				TARGETED_DEVICE_FAMILY = 1;
			};
			name = Debug;
		};
		76A721071FD7902400FF9F99 /* Release */ = {
			isa = XCBuildConfiguration;
			baseConfigurationReference = F5209D7424E22BFE0752E798 /* Pods-OutPlayer.release.xcconfig */;
			buildSettings = {
				ASSETCATALOG_COMPILER_APPICON_NAME = AppIcon;
				CODE_SIGN_STYLE = Automatic;
				DEVELOPMENT_TEAM = BE96T6BL3K;
				ENABLE_BITCODE = NO;
				GCC_PRECOMPILE_PREFIX_HEADER = YES;
				GCC_PREFIX_HEADER = "$(SRCROOT)/OutPlayer/Config/PrefixHeader.pch";
				INFOPLIST_FILE = "$(SRCROOT)/OutPlayer/Config/Info.plist";
				LD_RUNPATH_SEARCH_PATHS = "$(inherited) @executable_path/Frameworks";
				PRODUCT_BUNDLE_IDENTIFIER = com.Outsourcing.OutPlayer;
				PRODUCT_NAME = "$(TARGET_NAME)";
				TARGETED_DEVICE_FAMILY = 1;
			};
			name = Release;
		};
/* End XCBuildConfiguration section */

/* Begin XCConfigurationList section */
		76A720EA1FD7902400FF9F99 /* Build configuration list for PBXProject "OutPlayer" */ = {
			isa = XCConfigurationList;
			buildConfigurations = (
				76A721031FD7902400FF9F99 /* Debug */,
				76A721041FD7902400FF9F99 /* Release */,
			);
			defaultConfigurationIsVisible = 0;
			defaultConfigurationName = Release;
		};
		76A721051FD7902400FF9F99 /* Build configuration list for PBXNativeTarget "OutPlayer" */ = {
			isa = XCConfigurationList;
			buildConfigurations = (
				76A721061FD7902400FF9F99 /* Debug */,
				76A721071FD7902400FF9F99 /* Release */,
			);
			defaultConfigurationIsVisible = 0;
			defaultConfigurationName = Release;
		};
/* End XCConfigurationList section */
	};
	rootObject = 76A720E71FD7902400FF9F99 /* Project object */;
}
