// !$*UTF8*$!
{
	archiveVersion = 1;
	classes = {
	};
	objectVersion = 48;
	objects = {

/* Begin PBXBuildFile section */
		76A720F41FD7902400FF9F99 /* AppDelegate.m in Sources */ = {isa = PBXBuildFile; fileRef = 76A720F31FD7902400FF9F99 /* AppDelegate.m */; };
		76A720FC1FD7902400FF9F99 /* Assets.xcassets in Resources */ = {isa = PBXBuildFile; fileRef = 76A720FB1FD7902400FF9F99 /* Assets.xcassets */; };
		76A720FF1FD7902400FF9F99 /* LaunchScreen.storyboard in Resources */ = {isa = PBXBuildFile; fileRef = 76A720FD1FD7902400FF9F99 /* LaunchScreen.storyboard */; };
		76A721021FD7902400FF9F99 /* main.m in Sources */ = {isa = PBXBuildFile; fileRef = 76A721011FD7902400FF9F99 /* main.m */; };
		76A7210F1FD7DD9600FF9F99 /* UIBarButtonItem+RD_extension.m in Sources */ = {isa = PBXBuildFile; fileRef = 76A7210D1FD7DD9600FF9F99 /* UIBarButtonItem+RD_extension.m */; };
		76A721121FD7DDBC00FF9F99 /* BaseNavigationController.m in Sources */ = {isa = PBXBuildFile; fileRef = 76A721111FD7DDBC00FF9F99 /* BaseNavigationController.m */; };
		76A7211D1FD7EDCC00FF9F99 /* HttpRequestManager.m in Sources */ = {isa = PBXBuildFile; fileRef = 76A7211C1FD7EDCC00FF9F99 /* HttpRequestManager.m */; };
		76A721201FD7EE4900FF9F99 /* TestLib.m in Sources */ = {isa = PBXBuildFile; fileRef = 76A7211F1FD7EE4900FF9F99 /* TestLib.m */; };
		76A721231FD7F03F00FF9F99 /* InfoPlist.strings in Resources */ = {isa = PBXBuildFile; fileRef = 76A721251FD7F03F00FF9F99 /* InfoPlist.strings */; };
		76A721291FD7F12000FF9F99 /* Localizable.strings in Resources */ = {isa = PBXBuildFile; fileRef = 76A7212B1FD7F12000FF9F99 /* Localizable.strings */; };
		76A721341FD807CD00FF9F99 /* MainViewController.m in Sources */ = {isa = PBXBuildFile; fileRef = 76A721331FD807CD00FF9F99 /* MainViewController.m */; };
		76A721381FD809C600FF9F99 /* NSString+WDUtils.m in Sources */ = {isa = PBXBuildFile; fileRef = 76A721371FD809C600FF9F99 /* NSString+WDUtils.m */; };
		76A7213B1FD80BE700FF9F99 /* UIColor+Hex.m in Sources */ = {isa = PBXBuildFile; fileRef = 76A7213A1FD80BE700FF9F99 /* UIColor+Hex.m */; };
		76A721471FD80D3A00FF9F99 /* BaseViewController.m in Sources */ = {isa = PBXBuildFile; fileRef = 76A721461FD80D3A00FF9F99 /* BaseViewController.m */; };
		76A7214A1FD80D6100FF9F99 /* LeadVideosController.m in Sources */ = {isa = PBXBuildFile; fileRef = 76A721491FD80D6100FF9F99 /* LeadVideosController.m */; };
		76A7214D1FD80D7800FF9F99 /* SettingController.m in Sources */ = {isa = PBXBuildFile; fileRef = 76A7214C1FD80D7800FF9F99 /* SettingController.m */; };
		76A721501FD80DDF00FF9F99 /* NativeVideosHomeController.m in Sources */ = {isa = PBXBuildFile; fileRef = 76A7214F1FD80DDF00FF9F99 /* NativeVideosHomeController.m */; };
		76A721521FD80F6000FF9F99 /* NativeVideos.storyboard in Resources */ = {isa = PBXBuildFile; fileRef = 76A721511FD80F6000FF9F99 /* NativeVideos.storyboard */; };
		76A721541FD80F7600FF9F99 /* LeadVideos.storyboard in Resources */ = {isa = PBXBuildFile; fileRef = 76A721531FD80F7600FF9F99 /* LeadVideos.storyboard */; };
		76A721561FD80F8200FF9F99 /* Setting.storyboard in Resources */ = {isa = PBXBuildFile; fileRef = 76A721551FD80F8200FF9F99 /* Setting.storyboard */; };
/* End PBXBuildFile section */

/* Begin PBXFileReference section */
		76A720EF1FD7902400FF9F99 /* OutPlayer.app */ = {isa = PBXFileReference; explicitFileType = wrapper.application; includeInIndex = 0; path = OutPlayer.app; sourceTree = BUILT_PRODUCTS_DIR; };
		76A720F21FD7902400FF9F99 /* AppDelegate.h */ = {isa = PBXFileReference; lastKnownFileType = sourcecode.c.h; path = AppDelegate.h; sourceTree = "<group>"; };
		76A720F31FD7902400FF9F99 /* AppDelegate.m */ = {isa = PBXFileReference; lastKnownFileType = sourcecode.c.objc; path = AppDelegate.m; sourceTree = "<group>"; };
		76A720FB1FD7902400FF9F99 /* Assets.xcassets */ = {isa = PBXFileReference; lastKnownFileType = folder.assetcatalog; path = Assets.xcassets; sourceTree = "<group>"; };
		76A720FE1FD7902400FF9F99 /* Base */ = {isa = PBXFileReference; lastKnownFileType = file.storyboard; name = Base; path = Base.lproj/LaunchScreen.storyboard; sourceTree = "<group>"; };
		76A721001FD7902400FF9F99 /* Info.plist */ = {isa = PBXFileReference; lastKnownFileType = text.plist.xml; path = Info.plist; sourceTree = "<group>"; };
		76A721011FD7902400FF9F99 /* main.m */ = {isa = PBXFileReference; lastKnownFileType = sourcecode.c.objc; path = main.m; sourceTree = "<group>"; };
		76A7210D1FD7DD9600FF9F99 /* UIBarButtonItem+RD_extension.m */ = {isa = PBXFileReference; fileEncoding = 4; lastKnownFileType = sourcecode.c.objc; path = "UIBarButtonItem+RD_extension.m"; sourceTree = "<group>"; };
		76A7210E1FD7DD9600FF9F99 /* UIBarButtonItem+RD_extension.h */ = {isa = PBXFileReference; fileEncoding = 4; lastKnownFileType = sourcecode.c.h; path = "UIBarButtonItem+RD_extension.h"; sourceTree = "<group>"; };
		76A721101FD7DDBC00FF9F99 /* BaseNavigationController.h */ = {isa = PBXFileReference; fileEncoding = 4; lastKnownFileType = sourcecode.c.h; path = BaseNavigationController.h; sourceTree = "<group>"; };
		76A721111FD7DDBC00FF9F99 /* BaseNavigationController.m */ = {isa = PBXFileReference; fileEncoding = 4; lastKnownFileType = sourcecode.c.objc; path = BaseNavigationController.m; sourceTree = "<group>"; };
		76A721171FD7E07D00FF9F99 /* MediaPlayer.framework */ = {isa = PBXFileReference; lastKnownFileType = wrapper.framework; name = MediaPlayer.framework; path = System/Library/Frameworks/MediaPlayer.framework; sourceTree = SDKROOT; };
		76A721191FD7E2D400FF9F99 /* PrefixHeader.pch */ = {isa = PBXFileReference; lastKnownFileType = sourcecode.c.h; path = PrefixHeader.pch; sourceTree = "<group>"; };
		76A7211B1FD7EDCC00FF9F99 /* HttpRequestManager.h */ = {isa = PBXFileReference; lastKnownFileType = sourcecode.c.h; path = HttpRequestManager.h; sourceTree = "<group>"; };
		76A7211C1FD7EDCC00FF9F99 /* HttpRequestManager.m */ = {isa = PBXFileReference; lastKnownFileType = sourcecode.c.objc; path = HttpRequestManager.m; sourceTree = "<group>"; };
		76A7211E1FD7EE4900FF9F99 /* TestLib.h */ = {isa = PBXFileReference; lastKnownFileType = sourcecode.c.h; path = TestLib.h; sourceTree = "<group>"; };
		76A7211F1FD7EE4900FF9F99 /* TestLib.m */ = {isa = PBXFileReference; lastKnownFileType = sourcecode.c.objc; path = TestLib.m; sourceTree = "<group>"; };
		76A721241FD7F03F00FF9F99 /* en */ = {isa = PBXFileReference; lastKnownFileType = text.plist.strings; name = en; path = en.lproj/InfoPlist.strings; sourceTree = "<group>"; };
		76A721261FD7F06100FF9F99 /* zh-Hans */ = {isa = PBXFileReference; lastKnownFileType = text.plist.strings; name = "zh-Hans"; path = "zh-Hans.lproj/InfoPlist.strings"; sourceTree = "<group>"; };
		76A7212A1FD7F12000FF9F99 /* en */ = {isa = PBXFileReference; lastKnownFileType = text.plist.strings; name = en; path = en.lproj/Localizable.strings; sourceTree = "<group>"; };
		76A7212C1FD7F12200FF9F99 /* zh-Hans */ = {isa = PBXFileReference; lastKnownFileType = text.plist.strings; name = "zh-Hans"; path = "zh-Hans.lproj/Localizable.strings"; sourceTree = "<group>"; };
		76A721321FD807CD00FF9F99 /* MainViewController.h */ = {isa = PBXFileReference; lastKnownFileType = sourcecode.c.h; path = MainViewController.h; sourceTree = "<group>"; };
		76A721331FD807CD00FF9F99 /* MainViewController.m */ = {isa = PBXFileReference; lastKnownFileType = sourcecode.c.objc; path = MainViewController.m; sourceTree = "<group>"; };
		76A721351FD8089D00FF9F99 /* BaseHeader.h */ = {isa = PBXFileReference; fileEncoding = 4; lastKnownFileType = sourcecode.c.h; path = BaseHeader.h; sourceTree = "<group>"; };
		76A721361FD809C600FF9F99 /* NSString+WDUtils.h */ = {isa = PBXFileReference; fileEncoding = 4; lastKnownFileType = sourcecode.c.h; path = "NSString+WDUtils.h"; sourceTree = "<group>"; };
		76A721371FD809C600FF9F99 /* NSString+WDUtils.m */ = {isa = PBXFileReference; fileEncoding = 4; lastKnownFileType = sourcecode.c.objc; path = "NSString+WDUtils.m"; sourceTree = "<group>"; };
		76A721391FD80BE600FF9F99 /* UIColor+Hex.h */ = {isa = PBXFileReference; fileEncoding = 4; lastKnownFileType = sourcecode.c.h; path = "UIColor+Hex.h"; sourceTree = "<group>"; };
		76A7213A1FD80BE700FF9F99 /* UIColor+Hex.m */ = {isa = PBXFileReference; fileEncoding = 4; lastKnownFileType = sourcecode.c.objc; path = "UIColor+Hex.m"; sourceTree = "<group>"; };
		76A721451FD80D3A00FF9F99 /* BaseViewController.h */ = {isa = PBXFileReference; lastKnownFileType = sourcecode.c.h; path = BaseViewController.h; sourceTree = "<group>"; };
		76A721461FD80D3A00FF9F99 /* BaseViewController.m */ = {isa = PBXFileReference; lastKnownFileType = sourcecode.c.objc; path = BaseViewController.m; sourceTree = "<group>"; };
		76A721481FD80D6100FF9F99 /* LeadVideosController.h */ = {isa = PBXFileReference; lastKnownFileType = sourcecode.c.h; path = LeadVideosController.h; sourceTree = "<group>"; };
		76A721491FD80D6100FF9F99 /* LeadVideosController.m */ = {isa = PBXFileReference; lastKnownFileType = sourcecode.c.objc; path = LeadVideosController.m; sourceTree = "<group>"; };
		76A7214B1FD80D7800FF9F99 /* SettingController.h */ = {isa = PBXFileReference; lastKnownFileType = sourcecode.c.h; path = SettingController.h; sourceTree = "<group>"; };
		76A7214C1FD80D7800FF9F99 /* SettingController.m */ = {isa = PBXFileReference; lastKnownFileType = sourcecode.c.objc; path = SettingController.m; sourceTree = "<group>"; };
		76A7214E1FD80DDF00FF9F99 /* NativeVideosHomeController.h */ = {isa = PBXFileReference; lastKnownFileType = sourcecode.c.h; path = NativeVideosHomeController.h; sourceTree = "<group>"; };
		76A7214F1FD80DDF00FF9F99 /* NativeVideosHomeController.m */ = {isa = PBXFileReference; lastKnownFileType = sourcecode.c.objc; path = NativeVideosHomeController.m; sourceTree = "<group>"; };
		76A721511FD80F6000FF9F99 /* NativeVideos.storyboard */ = {isa = PBXFileReference; lastKnownFileType = file.storyboard; path = NativeVideos.storyboard; sourceTree = "<group>"; };
		76A721531FD80F7600FF9F99 /* LeadVideos.storyboard */ = {isa = PBXFileReference; lastKnownFileType = file.storyboard; path = LeadVideos.storyboard; sourceTree = "<group>"; };
		76A721551FD80F8200FF9F99 /* Setting.storyboard */ = {isa = PBXFileReference; lastKnownFileType = file.storyboard; path = Setting.storyboard; sourceTree = "<group>"; };
/* End PBXFileReference section */

/* Begin PBXFrameworksBuildPhase section */
		76A720EC1FD7902400FF9F99 /* Frameworks */ = {
			isa = PBXFrameworksBuildPhase;
			buildActionMask = 2147483647;
			files = (
			);
			runOnlyForDeploymentPostprocessing = 0;
		};
/* End PBXFrameworksBuildPhase section */

/* Begin PBXGroup section */
		76A720E61FD7902400FF9F99 = {
			isa = PBXGroup;
			children = (
				76A720F11FD7902400FF9F99 /* OutPlayer */,
				76A720F01FD7902400FF9F99 /* Products */,
				76A721161FD7DEFB00FF9F99 /* Frameworks */,
			);
			sourceTree = "<group>";
		};
		76A720F01FD7902400FF9F99 /* Products */ = {
			isa = PBXGroup;
			children = (
				76A720EF1FD7902400FF9F99 /* OutPlayer.app */,
			);
			name = Products;
			sourceTree = "<group>";
		};
		76A720F11FD7902400FF9F99 /* OutPlayer */ = {
			isa = PBXGroup;
			children = (
				76A721091FD7DC8E00FF9F99 /* Config */,
				76A721081FD7DC1800FF9F99 /* Launch */,
				76A7210B1FD7DD5400FF9F99 /* BassClass */,
				76A7210C1FD7DD6F00FF9F99 /* Categorys */,
				76A721151FD7DEC700FF9F99 /* Libs */,
				76A721131FD7DE3400FF9F99 /* Network */,
				76A721181FD7E09100FF9F99 /* Storyboards */,
				76A721141FD7DE6100FF9F99 /* Controllers */,
				76A7211A1FD7E6A600FF9F99 /* Supporting Files */,
			);
			path = OutPlayer;
			sourceTree = "<group>";
		};
		76A721081FD7DC1800FF9F99 /* Launch */ = {
			isa = PBXGroup;
			children = (
				76A720FD1FD7902400FF9F99 /* LaunchScreen.storyboard */,
				76A721011FD7902400FF9F99 /* main.m */,
				76A720F21FD7902400FF9F99 /* AppDelegate.h */,
				76A720F31FD7902400FF9F99 /* AppDelegate.m */,
			);
			path = Launch;
			sourceTree = "<group>";
		};
		76A721091FD7DC8E00FF9F99 /* Config */ = {
			isa = PBXGroup;
			children = (
				76A721001FD7902400FF9F99 /* Info.plist */,
				76A721251FD7F03F00FF9F99 /* InfoPlist.strings */,
				76A7212B1FD7F12000FF9F99 /* Localizable.strings */,
				76A721351FD8089D00FF9F99 /* BaseHeader.h */,
				76A721191FD7E2D400FF9F99 /* PrefixHeader.pch */,
			);
			path = Config;
			sourceTree = "<group>";
		};
		76A7210B1FD7DD5400FF9F99 /* BassClass */ = {
			isa = PBXGroup;
			children = (
				76A721451FD80D3A00FF9F99 /* BaseViewController.h */,
				76A721461FD80D3A00FF9F99 /* BaseViewController.m */,
				76A721101FD7DDBC00FF9F99 /* BaseNavigationController.h */,
				76A721111FD7DDBC00FF9F99 /* BaseNavigationController.m */,
			);
			path = BassClass;
			sourceTree = "<group>";
		};
		76A7210C1FD7DD6F00FF9F99 /* Categorys */ = {
			isa = PBXGroup;
			children = (
				76A721361FD809C600FF9F99 /* NSString+WDUtils.h */,
				76A721371FD809C600FF9F99 /* NSString+WDUtils.m */,
				76A7210E1FD7DD9600FF9F99 /* UIBarButtonItem+RD_extension.h */,
				76A7210D1FD7DD9600FF9F99 /* UIBarButtonItem+RD_extension.m */,
				76A721391FD80BE600FF9F99 /* UIColor+Hex.h */,
				76A7213A1FD80BE700FF9F99 /* UIColor+Hex.m */,
			);
			path = Categorys;
			sourceTree = "<group>";
		};
		76A721131FD7DE3400FF9F99 /* Network */ = {
			isa = PBXGroup;
			children = (
				76A7211B1FD7EDCC00FF9F99 /* HttpRequestManager.h */,
				76A7211C1FD7EDCC00FF9F99 /* HttpRequestManager.m */,
			);
			path = Network;
			sourceTree = "<group>";
		};
		76A721141FD7DE6100FF9F99 /* Controllers */ = {
			isa = PBXGroup;
			children = (
				76A7212D1FD8068900FF9F99 /* Main */,
				76A7212E1FD806D300FF9F99 /* NativeVideos */,
				76A721311FD8076600FF9F99 /* LeadVideos */,
				76A721301FD8071300FF9F99 /* Setting */,
			);
			path = Controllers;
			sourceTree = "<group>";
		};
		76A721151FD7DEC700FF9F99 /* Libs */ = {
			isa = PBXGroup;
			children = (
				76A7211E1FD7EE4900FF9F99 /* TestLib.h */,
				76A7211F1FD7EE4900FF9F99 /* TestLib.m */,
			);
			path = Libs;
			sourceTree = "<group>";
		};
		76A721161FD7DEFB00FF9F99 /* Frameworks */ = {
			isa = PBXGroup;
			children = (
				76A721171FD7E07D00FF9F99 /* MediaPlayer.framework */,
			);
			path = Frameworks;
			sourceTree = "<group>";
		};
		76A721181FD7E09100FF9F99 /* Storyboards */ = {
			isa = PBXGroup;
			children = (
				76A721511FD80F6000FF9F99 /* NativeVideos.storyboard */,
				76A721531FD80F7600FF9F99 /* LeadVideos.storyboard */,
				76A721551FD80F8200FF9F99 /* Setting.storyboard */,
			);
			path = Storyboards;
			sourceTree = "<group>";
		};
		76A7211A1FD7E6A600FF9F99 /* Supporting Files */ = {
			isa = PBXGroup;
			children = (
				76A720FB1FD7902400FF9F99 /* Assets.xcassets */,
			);
			path = "Supporting Files";
			sourceTree = "<group>";
		};
		76A7212D1FD8068900FF9F99 /* Main */ = {
			isa = PBXGroup;
			children = (
				76A721321FD807CD00FF9F99 /* MainViewController.h */,
				76A721331FD807CD00FF9F99 /* MainViewController.m */,
			);
			path = Main;
			sourceTree = "<group>";
		};
		76A7212E1FD806D300FF9F99 /* NativeVideos */ = {
			isa = PBXGroup;
			children = (
				76A7213E1FD80CE500FF9F99 /* Controller */,
				76A7213D1FD80CDD00FF9F99 /* View */,
				76A7213C1FD80CD500FF9F99 /* Model */,
			);
			path = NativeVideos;
			sourceTree = "<group>";
		};
		76A721301FD8071300FF9F99 /* Setting */ = {
			isa = PBXGroup;
			children = (
				76A721441FD80D1000FF9F99 /* Controller */,
				76A721431FD80D0B00FF9F99 /* View */,
				76A721421FD80D0600FF9F99 /* Model */,
			);
			path = Setting;
			sourceTree = "<group>";
		};
		76A721311FD8076600FF9F99 /* LeadVideos */ = {
			isa = PBXGroup;
			children = (
				76A721411FD80CFE00FF9F99 /* Controller */,
				76A721401FD80CF900FF9F99 /* View */,
				76A7213F1FD80CF300FF9F99 /* Model */,
			);
			path = LeadVideos;
			sourceTree = "<group>";
		};
		76A7213C1FD80CD500FF9F99 /* Model */ = {
			isa = PBXGroup;
			children = (
			);
			path = Model;
			sourceTree = "<group>";
		};
		76A7213D1FD80CDD00FF9F99 /* View */ = {
			isa = PBXGroup;
			children = (
			);
			path = View;
			sourceTree = "<group>";
		};
		76A7213E1FD80CE500FF9F99 /* Controller */ = {
			isa = PBXGroup;
			children = (
				76A7214E1FD80DDF00FF9F99 /* NativeVideosHomeController.h */,
				76A7214F1FD80DDF00FF9F99 /* NativeVideosHomeController.m */,
			);
			path = Controller;
			sourceTree = "<group>";
		};
		76A7213F1FD80CF300FF9F99 /* Model */ = {
			isa = PBXGroup;
			children = (
			);
			path = Model;
			sourceTree = "<group>";
		};
		76A721401FD80CF900FF9F99 /* View */ = {
			isa = PBXGroup;
			children = (
			);
			path = View;
			sourceTree = "<group>";
		};
		76A721411FD80CFE00FF9F99 /* Controller */ = {
			isa = PBXGroup;
			children = (
				76A721481FD80D6100FF9F99 /* LeadVideosController.h */,
				76A721491FD80D6100FF9F99 /* LeadVideosController.m */,
			);
			path = Controller;
			sourceTree = "<group>";
		};
		76A721421FD80D0600FF9F99 /* Model */ = {
			isa = PBXGroup;
			children = (
			);
			path = Model;
			sourceTree = "<group>";
		};
		76A721431FD80D0B00FF9F99 /* View */ = {
			isa = PBXGroup;
			children = (
			);
			path = View;
			sourceTree = "<group>";
		};
		76A721441FD80D1000FF9F99 /* Controller */ = {
			isa = PBXGroup;
			children = (
				76A7214B1FD80D7800FF9F99 /* SettingController.h */,
				76A7214C1FD80D7800FF9F99 /* SettingController.m */,
			);
			path = Controller;
			sourceTree = "<group>";
		};
/* End PBXGroup section */

/* Begin PBXNativeTarget section */
		76A720EE1FD7902400FF9F99 /* OutPlayer */ = {
			isa = PBXNativeTarget;
			buildConfigurationList = 76A721051FD7902400FF9F99 /* Build configuration list for PBXNativeTarget "OutPlayer" */;
			buildPhases = (
				76A720EB1FD7902400FF9F99 /* Sources */,
				76A720EC1FD7902400FF9F99 /* Frameworks */,
				76A720ED1FD7902400FF9F99 /* Resources */,
			);
			buildRules = (
			);
			dependencies = (
			);
			name = OutPlayer;
			productName = OutPlayer;
			productReference = 76A720EF1FD7902400FF9F99 /* OutPlayer.app */;
			productType = "com.apple.product-type.application";
		};
/* End PBXNativeTarget section */

/* Begin PBXProject section */
		76A720E71FD7902400FF9F99 /* Project object */ = {
			isa = PBXProject;
			attributes = {
				LastUpgradeCheck = 0910;
				ORGANIZATIONNAME = xl;
				TargetAttributes = {
					76A720EE1FD7902400FF9F99 = {
						CreatedOnToolsVersion = 9.1;
						ProvisioningStyle = Automatic;
					};
				};
			};
			buildConfigurationList = 76A720EA1FD7902400FF9F99 /* Build configuration list for PBXProject "OutPlayer" */;
			compatibilityVersion = "Xcode 8.0";
			developmentRegion = en;
			hasScannedForEncodings = 0;
			knownRegions = (
				en,
				Base,
				"zh-Hans",
			);
			mainGroup = 76A720E61FD7902400FF9F99;
			productRefGroup = 76A720F01FD7902400FF9F99 /* Products */;
			projectDirPath = "";
			projectRoot = "";
			targets = (
				76A720EE1FD7902400FF9F99 /* OutPlayer */,
			);
		};
/* End PBXProject section */

/* Begin PBXResourcesBuildPhase section */
		76A720ED1FD7902400FF9F99 /* Resources */ = {
			isa = PBXResourcesBuildPhase;
			buildActionMask = 2147483647;
			files = (
				76A721291FD7F12000FF9F99 /* Localizable.strings in Resources */,
				76A721521FD80F6000FF9F99 /* NativeVideos.storyboard in Resources */,
				76A721541FD80F7600FF9F99 /* LeadVideos.storyboard in Resources */,
				76A720FF1FD7902400FF9F99 /* LaunchScreen.storyboard in Resources */,
				76A721231FD7F03F00FF9F99 /* InfoPlist.strings in Resources */,
				76A720FC1FD7902400FF9F99 /* Assets.xcassets in Resources */,
				76A721561FD80F8200FF9F99 /* Setting.storyboard in Resources */,
			);
			runOnlyForDeploymentPostprocessing = 0;
		};
/* End PBXResourcesBuildPhase section */

/* Begin PBXSourcesBuildPhase section */
		76A720EB1FD7902400FF9F99 /* Sources */ = {
			isa = PBXSourcesBuildPhase;
			buildActionMask = 2147483647;
			files = (
				76A721201FD7EE4900FF9F99 /* TestLib.m in Sources */,
				76A7213B1FD80BE700FF9F99 /* UIColor+Hex.m in Sources */,
				76A721471FD80D3A00FF9F99 /* BaseViewController.m in Sources */,
				76A721381FD809C600FF9F99 /* NSString+WDUtils.m in Sources */,
				76A7210F1FD7DD9600FF9F99 /* UIBarButtonItem+RD_extension.m in Sources */,
				76A7214A1FD80D6100FF9F99 /* LeadVideosController.m in Sources */,
				76A7214D1FD80D7800FF9F99 /* SettingController.m in Sources */,
				76A721501FD80DDF00FF9F99 /* NativeVideosHomeController.m in Sources */,
				76A721341FD807CD00FF9F99 /* MainViewController.m in Sources */,
				76A721021FD7902400FF9F99 /* main.m in Sources */,
				76A720F41FD7902400FF9F99 /* AppDelegate.m in Sources */,
				76A721121FD7DDBC00FF9F99 /* BaseNavigationController.m in Sources */,
				76A7211D1FD7EDCC00FF9F99 /* HttpRequestManager.m in Sources */,
			);
			runOnlyForDeploymentPostprocessing = 0;
		};
/* End PBXSourcesBuildPhase section */

/* Begin PBXVariantGroup section */
		76A720FD1FD7902400FF9F99 /* LaunchScreen.storyboard */ = {
			isa = PBXVariantGroup;
			children = (
				76A720FE1FD7902400FF9F99 /* Base */,
			);
			name = LaunchScreen.storyboard;
			sourceTree = "<group>";
		};
		76A721251FD7F03F00FF9F99 /* InfoPlist.strings */ = {
			isa = PBXVariantGroup;
			children = (
				76A721241FD7F03F00FF9F99 /* en */,
				76A721261FD7F06100FF9F99 /* zh-Hans */,
			);
			name = InfoPlist.strings;
			sourceTree = "<group>";
		};
		76A7212B1FD7F12000FF9F99 /* Localizable.strings */ = {
			isa = PBXVariantGroup;
			children = (
				76A7212A1FD7F12000FF9F99 /* en */,
				76A7212C1FD7F12200FF9F99 /* zh-Hans */,
			);
			name = Localizable.strings;
			sourceTree = "<group>";
		};
/* End PBXVariantGroup section */

/* Begin XCBuildConfiguration section */
		76A721031FD7902400FF9F99 /* Debug */ = {
			isa = XCBuildConfiguration;
			buildSettings = {
				ALWAYS_SEARCH_USER_PATHS = NO;
				CLANG_ANALYZER_LOCALIZABILITY_NONLOCALIZED = YES;
				CLANG_ANALYZER_NONNULL = YES;
				CLANG_ANALYZER_NUMBER_OBJECT_CONVERSION = YES_AGGRESSIVE;
				CLANG_CXX_LANGUAGE_STANDARD = "gnu++14";
				CLANG_CXX_LIBRARY = "libc++";
				CLANG_ENABLE_MODULES = YES;
				CLANG_ENABLE_OBJC_ARC = YES;
				CLANG_WARN_BLOCK_CAPTURE_AUTORELEASING = YES;
				CLANG_WARN_BOOL_CONVERSION = YES;
				CLANG_WARN_COMMA = YES;
				CLANG_WARN_CONSTANT_CONVERSION = YES;
				CLANG_WARN_DIRECT_OBJC_ISA_USAGE = YES_ERROR;
				CLANG_WARN_DOCUMENTATION_COMMENTS = YES;
				CLANG_WARN_EMPTY_BODY = YES;
				CLANG_WARN_ENUM_CONVERSION = YES;
				CLANG_WARN_INFINITE_RECURSION = YES;
				CLANG_WARN_INT_CONVERSION = YES;
				CLANG_WARN_NON_LITERAL_NULL_CONVERSION = YES;
				CLANG_WARN_OBJC_LITERAL_CONVERSION = YES;
				CLANG_WARN_OBJC_ROOT_CLASS = YES_ERROR;
				CLANG_WARN_RANGE_LOOP_ANALYSIS = YES;
				CLANG_WARN_STRICT_PROTOTYPES = YES;
				CLANG_WARN_SUSPICIOUS_MOVE = YES;
				CLANG_WARN_UNGUARDED_AVAILABILITY = YES_AGGRESSIVE;
				CLANG_WARN_UNREACHABLE_CODE = YES;
				CLANG_WARN__DUPLICATE_METHOD_MATCH = YES;
				CODE_SIGN_IDENTITY = "iPhone Developer";
				COPY_PHASE_STRIP = NO;
				DEBUG_INFORMATION_FORMAT = dwarf;
				ENABLE_STRICT_OBJC_MSGSEND = YES;
				ENABLE_TESTABILITY = YES;
				GCC_C_LANGUAGE_STANDARD = gnu11;
				GCC_DYNAMIC_NO_PIC = NO;
				GCC_NO_COMMON_BLOCKS = YES;
				GCC_OPTIMIZATION_LEVEL = 0;
				GCC_PREPROCESSOR_DEFINITIONS = (
					"DEBUG=1",
					"$(inherited)",
				);
				GCC_WARN_64_TO_32_BIT_CONVERSION = YES;
				GCC_WARN_ABOUT_RETURN_TYPE = YES_ERROR;
				GCC_WARN_UNDECLARED_SELECTOR = YES;
				GCC_WARN_UNINITIALIZED_AUTOS = YES_AGGRESSIVE;
				GCC_WARN_UNUSED_FUNCTION = YES;
				GCC_WARN_UNUSED_VARIABLE = YES;
				IPHONEOS_DEPLOYMENT_TARGET = 8.0;
				MTL_ENABLE_DEBUG_INFO = YES;
				ONLY_ACTIVE_ARCH = YES;
				SDKROOT = iphoneos;
			};
			name = Debug;
		};
		76A721041FD7902400FF9F99 /* Release */ = {
			isa = XCBuildConfiguration;
			buildSettings = {
				ALWAYS_SEARCH_USER_PATHS = NO;
				CLANG_ANALYZER_LOCALIZABILITY_NONLOCALIZED = YES;
				CLANG_ANALYZER_NONNULL = YES;
				CLANG_ANALYZER_NUMBER_OBJECT_CONVERSION = YES_AGGRESSIVE;
				CLANG_CXX_LANGUAGE_STANDARD = "gnu++14";
				CLANG_CXX_LIBRARY = "libc++";
				CLANG_ENABLE_MODULES = YES;
				CLANG_ENABLE_OBJC_ARC = YES;
				CLANG_WARN_BLOCK_CAPTURE_AUTORELEASING = YES;
				CLANG_WARN_BOOL_CONVERSION = YES;
				CLANG_WARN_COMMA = YES;
				CLANG_WARN_CONSTANT_CONVERSION = YES;
				CLANG_WARN_DIRECT_OBJC_ISA_USAGE = YES_ERROR;
				CLANG_WARN_DOCUMENTATION_COMMENTS = YES;
				CLANG_WARN_EMPTY_BODY = YES;
				CLANG_WARN_ENUM_CONVERSION = YES;
				CLANG_WARN_INFINITE_RECURSION = YES;
				CLANG_WARN_INT_CONVERSION = YES;
				CLANG_WARN_NON_LITERAL_NULL_CONVERSION = YES;
				CLANG_WARN_OBJC_LITERAL_CONVERSION = YES;
				CLANG_WARN_OBJC_ROOT_CLASS = YES_ERROR;
				CLANG_WARN_RANGE_LOOP_ANALYSIS = YES;
				CLANG_WARN_STRICT_PROTOTYPES = YES;
				CLANG_WARN_SUSPICIOUS_MOVE = YES;
				CLANG_WARN_UNGUARDED_AVAILABILITY = YES_AGGRESSIVE;
				CLANG_WARN_UNREACHABLE_CODE = YES;
				CLANG_WARN__DUPLICATE_METHOD_MATCH = YES;
				CODE_SIGN_IDENTITY = "iPhone Developer";
				COPY_PHASE_STRIP = NO;
				DEBUG_INFORMATION_FORMAT = "dwarf-with-dsym";
				ENABLE_NS_ASSERTIONS = NO;
				ENABLE_STRICT_OBJC_MSGSEND = YES;
				GCC_C_LANGUAGE_STANDARD = gnu11;
				GCC_NO_COMMON_BLOCKS = YES;
				GCC_WARN_64_TO_32_BIT_CONVERSION = YES;
				GCC_WARN_ABOUT_RETURN_TYPE = YES_ERROR;
				GCC_WARN_UNDECLARED_SELECTOR = YES;
				GCC_WARN_UNINITIALIZED_AUTOS = YES_AGGRESSIVE;
				GCC_WARN_UNUSED_FUNCTION = YES;
				GCC_WARN_UNUSED_VARIABLE = YES;
				IPHONEOS_DEPLOYMENT_TARGET = 8.0;
				MTL_ENABLE_DEBUG_INFO = NO;
				SDKROOT = iphoneos;
				VALIDATE_PRODUCT = YES;
			};
			name = Release;
		};
		76A721061FD7902400FF9F99 /* Debug */ = {
			isa = XCBuildConfiguration;
			buildSettings = {
				ASSETCATALOG_COMPILER_APPICON_NAME = AppIcon;
				CODE_SIGN_STYLE = Automatic;
				GCC_PRECOMPILE_PREFIX_HEADER = YES;
				GCC_PREFIX_HEADER = "$(SRCROOT)/OutPlayer/Config/PrefixHeader.pch";
				INFOPLIST_FILE = "$(SRCROOT)/OutPlayer/Config/Info.plist";
				LD_RUNPATH_SEARCH_PATHS = "$(inherited) @executable_path/Frameworks";
				PRODUCT_BUNDLE_IDENTIFIER = com.Outsourcing.OutPlayer;
				PRODUCT_NAME = "$(TARGET_NAME)";
				TARGETED_DEVICE_FAMILY = 1;
			};
			name = Debug;
		};
		76A721071FD7902400FF9F99 /* Release */ = {
			isa = XCBuildConfiguration;
			buildSettings = {
				ASSETCATALOG_COMPILER_APPICON_NAME = AppIcon;
				CODE_SIGN_STYLE = Automatic;
				GCC_PRECOMPILE_PREFIX_HEADER = YES;
				GCC_PREFIX_HEADER = "$(SRCROOT)/OutPlayer/Config/PrefixHeader.pch";
				INFOPLIST_FILE = "$(SRCROOT)/OutPlayer/Config/Info.plist";
				LD_RUNPATH_SEARCH_PATHS = "$(inherited) @executable_path/Frameworks";
				PRODUCT_BUNDLE_IDENTIFIER = com.Outsourcing.OutPlayer;
				PRODUCT_NAME = "$(TARGET_NAME)";
				TARGETED_DEVICE_FAMILY = 1;
			};
			name = Release;
		};
/* End XCBuildConfiguration section */

/* Begin XCConfigurationList section */
		76A720EA1FD7902400FF9F99 /* Build configuration list for PBXProject "OutPlayer" */ = {
			isa = XCConfigurationList;
			buildConfigurations = (
				76A721031FD7902400FF9F99 /* Debug */,
				76A721041FD7902400FF9F99 /* Release */,
			);
			defaultConfigurationIsVisible = 0;
			defaultConfigurationName = Release;
		};
		76A721051FD7902400FF9F99 /* Build configuration list for PBXNativeTarget "OutPlayer" */ = {
			isa = XCConfigurationList;
			buildConfigurations = (
				76A721061FD7902400FF9F99 /* Debug */,
				76A721071FD7902400FF9F99 /* Release */,
			);
			defaultConfigurationIsVisible = 0;
			defaultConfigurationName = Release;
		};
/* End XCConfigurationList section */
	};
	rootObject = 76A720E71FD7902400FF9F99 /* Project object */;
}
